
Microsoft Visual Studio Solution File, Format Version 12.00
# Visual Studio Version 17
VisualStudioVersion = 17.0.31912.275
MinimumVisualStudioVersion = 10.0.40219.1
Project("{9A19103F-16F7-4668-BE54-9A1E7A4F7556}") = "LibChild2_10", "LibChild2_10\LibChild2_10.csproj", "{14B07510-671F-418D-A021-9FA8B4FCF717}"
EndProject
Project("{9A19103F-16F7-4668-BE54-9A1E7A4F7556}") = "LibChild1_0", "LibChild1_0\LibChild1_0.csproj", "{565267B7-1DD9-4D15-8E2E-CB6187C1F9DD}"
EndProject
Project("{9A19103F-16F7-4668-BE54-9A1E7A4F7556}") = "LibChild1_1", "LibChild1_1\LibChild1_1.csproj", "{BFDFA457-B9DE-4C11-903B-2B0F3144CF03}"
EndProject
Project("{9A19103F-16F7-4668-BE54-9A1E7A4F7556}") = "LibChild1_2", "LibChild1_2\LibChild1_2.csproj", "{EF71189B-610B-42AE-98B0-1B5374C22879}"
EndProject
Project("{9A19103F-16F7-4668-BE54-9A1E7A4F7556}") = "LibChild1_3", "LibChild1_3\LibChild1_3.csproj", "{9D9A6E2F-FF5D-47B2-946B-1810E2D31290}"
EndProject
Project("{9A19103F-16F7-4668-BE54-9A1E7A4F7556}") = "LibChild1_4", "LibChild1_4\LibChild1_4.csproj", "{5A139441-3F2A-4BED-84F6-10DE24F606B6}"
EndProject
Project("{9A19103F-16F7-4668-BE54-9A1E7A4F7556}") = "LibChild1_5", "LibChild1_5\LibChild1_5.csproj", "{1A632696-A11D-4AE3-8D25-BE06D2F2ABA4}"
EndProject
Project("{9A19103F-16F7-4668-BE54-9A1E7A4F7556}") = "LibChild1_6", "LibChild1_6\LibChild1_6.csproj", "{5DCDD2B1-3003-4D63-83D4-9B2CFB8E8957}"
EndProject
Project("{9A19103F-16F7-4668-BE54-9A1E7A4F7556}") = "LibChild1_7", "LibChild1_7\LibChild1_7.csproj", "{37530BA4-AB47-4CFA-A0F5-9D92FA304C53}"
EndProject
Project("{9A19103F-16F7-4668-BE54-9A1E7A4F7556}") = "LibChild1_8", "LibChild1_8\LibChild1_8.csproj", "{94528AF3-B22E-4E2D-856F-828C619E8EB2}"
EndProject
Project("{9A19103F-16F7-4668-BE54-9A1E7A4F7556}") = "LibChild2_0", "LibChild2_0\LibChild2_0.csproj", "{B4BEAB42-E538-4D6E-8CB7-FA6B765DC561}"
EndProject
Project("{9A19103F-16F7-4668-BE54-9A1E7A4F7556}") = "LibChild2_1", "LibChild2_1\LibChild2_1.csproj", "{B599A726-175C-42B3-B7E6-3867E247958B}"
EndProject
Project("{9A19103F-16F7-4668-BE54-9A1E7A4F7556}") = "LibChild2_11", "LibChild2_11\LibChild2_11.csproj", "{AB3B5867-36E3-4EE4-8D09-4ECE7AD6ACAE}"
EndProject
Project("{9A19103F-16F7-4668-BE54-9A1E7A4F7556}") = "LibChild2_12", "LibChild2_12\LibChild2_12.csproj", "{1EA71630-B753-40D0-AFD4-F010607A885F}"
EndProject
Project("{9A19103F-16F7-4668-BE54-9A1E7A4F7556}") = "LibChild2_13", "LibChild2_13\LibChild2_13.csproj", "{E1BA570D-5CAD-4962-9102-32A185AFCB21}"
EndProject
Project("{9A19103F-16F7-4668-BE54-9A1E7A4F7556}") = "LibChild2_14", "LibChild2_14\LibChild2_14.csproj", "{40F03DD8-345D-489C-8CBB-0693270F704B}"
EndProject
Project("{9A19103F-16F7-4668-BE54-9A1E7A4F7556}") = "LibChild2_15", "LibChild2_15\LibChild2_15.csproj", "{AE7F6482-5910-4AE8-B349-F8C72E5C7E86}"
EndProject
Project("{9A19103F-16F7-4668-BE54-9A1E7A4F7556}") = "LibChild2_16", "LibChild2_16\LibChild2_16.csproj", "{B48B22AD-A38D-4215-A9E5-EE1FF0E56FB4}"
EndProject
Project("{9A19103F-16F7-4668-BE54-9A1E7A4F7556}") = "LibChild2_17", "LibChild2_17\LibChild2_17.csproj", "{B89C83DA-77B8-4E79-85E3-0950E3497EBE}"
EndProject
Project("{9A19103F-16F7-4668-BE54-9A1E7A4F7556}") = "LibChild2_18", "LibChild2_18\LibChild2_18.csproj", "{A6C11A6B-6FDC-46AB-8277-FF29EED5E014}"
EndProject
Project("{9A19103F-16F7-4668-BE54-9A1E7A4F7556}") = "LibChild2_19", "LibChild2_19\LibChild2_19.csproj", "{637A9C8D-76CC-4C83-A8B7-D7791661DBC4}"
EndProject
Project("{9A19103F-16F7-4668-BE54-9A1E7A4F7556}") = "LibChild2_2", "LibChild2_2\LibChild2_2.csproj", "{FDF1D566-990C-48EC-841D-A09133C052EF}"
EndProject
Project("{9A19103F-16F7-4668-BE54-9A1E7A4F7556}") = "LibChild2_20", "LibChild2_20\LibChild2_20.csproj", "{3414EE39-2630-4A4F-900F-4082D86AF5C8}"
EndProject
Project("{9A19103F-16F7-4668-BE54-9A1E7A4F7556}") = "LibChild2_21", "LibChild2_21\LibChild2_21.csproj", "{31DCB2DC-B04F-4F08-9EAC-7C2B2B343F81}"
EndProject
Project("{9A19103F-16F7-4668-BE54-9A1E7A4F7556}") = "LibChild2_22", "LibChild2_22\LibChild2_22.csproj", "{293F5040-FBBA-4FF6-813B-3648851E1F77}"
EndProject
Project("{9A19103F-16F7-4668-BE54-9A1E7A4F7556}") = "LibChild2_23", "LibChild2_23\LibChild2_23.csproj", "{B4C04776-2824-4089-924D-455BC750845D}"
EndProject
Project("{9A19103F-16F7-4668-BE54-9A1E7A4F7556}") = "LibChild2_24", "LibChild2_24\LibChild2_24.csproj", "{9E62DD6D-EE04-4A42-B584-A59615199677}"
EndProject
Project("{9A19103F-16F7-4668-BE54-9A1E7A4F7556}") = "LibChild2_25", "LibChild2_25\LibChild2_25.csproj", "{0424C6FB-373E-4580-9EB7-53572F96512D}"
EndProject
Project("{9A19103F-16F7-4668-BE54-9A1E7A4F7556}") = "LibChild2_26", "LibChild2_26\LibChild2_26.csproj", "{73A81C20-3751-41D9-B26D-A58134435BE6}"
EndProject
Project("{9A19103F-16F7-4668-BE54-9A1E7A4F7556}") = "LibChild2_27", "LibChild2_27\LibChild2_27.csproj", "{2BB67629-C0E5-4B84-AC87-136EFF0E6595}"
EndProject
Project("{9A19103F-16F7-4668-BE54-9A1E7A4F7556}") = "LibChild2_28", "LibChild2_28\LibChild2_28.csproj", "{8CC76EA6-7223-46A5-AB55-32D8AD2FF5CE}"
EndProject
Project("{9A19103F-16F7-4668-BE54-9A1E7A4F7556}") = "LibChild2_29", "LibChild2_29\LibChild2_29.csproj", "{F2761729-4ACA-46D4-BA32-3A9AB748900E}"
EndProject
Project("{9A19103F-16F7-4668-BE54-9A1E7A4F7556}") = "LibChild2_3", "LibChild2_3\LibChild2_3.csproj", "{7DF09268-DEFB-4933-93DF-2EDDF2671002}"
EndProject
Project("{9A19103F-16F7-4668-BE54-9A1E7A4F7556}") = "LibChild2_30", "LibChild2_30\LibChild2_30.csproj", "{618854C1-3662-4B24-B2D6-2CEFE495E6FA}"
EndProject
Project("{9A19103F-16F7-4668-BE54-9A1E7A4F7556}") = "LibChild2_31", "LibChild2_31\LibChild2_31.csproj", "{20329FDA-D373-4EBB-B83F-D84146D616BB}"
EndProject
Project("{9A19103F-16F7-4668-BE54-9A1E7A4F7556}") = "LibChild2_32", "LibChild2_32\LibChild2_32.csproj", "{9366EBBA-5DAB-44C1-81A5-230F314D1477}"
EndProject
Project("{9A19103F-16F7-4668-BE54-9A1E7A4F7556}") = "LibChild2_33", "LibChild2_33\LibChild2_33.csproj", "{23CB5D80-D22D-4101-AF30-57979F05F554}"
EndProject
Project("{9A19103F-16F7-4668-BE54-9A1E7A4F7556}") = "LibChild2_34", "LibChild2_34\LibChild2_34.csproj", "{E11CB740-FB7A-4F3D-BC8B-F066CA739009}"
EndProject
Project("{9A19103F-16F7-4668-BE54-9A1E7A4F7556}") = "LibChild2_35", "LibChild2_35\LibChild2_35.csproj", "{6D9DE8DD-91F7-4F23-8820-51B78532DC87}"
EndProject
Project("{9A19103F-16F7-4668-BE54-9A1E7A4F7556}") = "LibChild2_36", "LibChild2_36\LibChild2_36.csproj", "{5DD15BCF-71FD-439F-94F5-4F50E98AA688}"
EndProject
Project("{9A19103F-16F7-4668-BE54-9A1E7A4F7556}") = "LibChild2_37", "LibChild2_37\LibChild2_37.csproj", "{1B8194E0-9B74-43BF-B272-469608239E9C}"
EndProject
Project("{9A19103F-16F7-4668-BE54-9A1E7A4F7556}") = "LibChild2_38", "LibChild2_38\LibChild2_38.csproj", "{16945C73-DE4B-41BE-84B0-E5A2AE7C4877}"
EndProject
Project("{9A19103F-16F7-4668-BE54-9A1E7A4F7556}") = "LibChild2_39", "LibChild2_39\LibChild2_39.csproj", "{15A4A1E4-1F9D-44D2-AD74-B605F0E5D441}"
EndProject
Project("{9A19103F-16F7-4668-BE54-9A1E7A4F7556}") = "LibChild2_4", "LibChild2_4\LibChild2_4.csproj", "{5F38B8F5-8932-48EE-9C2C-4D84C9388C4E}"
EndProject
Project("{9A19103F-16F7-4668-BE54-9A1E7A4F7556}") = "LibChild2_40", "LibChild2_40\LibChild2_40.csproj", "{EAE0373C-6C05-4DB2-BD09-9FE19F65B065}"
EndProject
Project("{9A19103F-16F7-4668-BE54-9A1E7A4F7556}") = "LibChild2_41", "LibChild2_41\LibChild2_41.csproj", "{4D5D5E79-5F2C-4FBC-A6B8-276AB5BD8695}"
EndProject
Project("{9A19103F-16F7-4668-BE54-9A1E7A4F7556}") = "LibChild2_42", "LibChild2_42\LibChild2_42.csproj", "{F7236019-08CA-4C8C-8F4C-69F2271AF6D9}"
EndProject
Project("{9A19103F-16F7-4668-BE54-9A1E7A4F7556}") = "LibChild2_43", "LibChild2_43\LibChild2_43.csproj", "{7797DF46-4C74-4B79-B5BD-6BA591DA0F0F}"
EndProject
Project("{9A19103F-16F7-4668-BE54-9A1E7A4F7556}") = "LibChild2_44", "LibChild2_44\LibChild2_44.csproj", "{AF1E4DAA-4D31-4B5C-8779-D866EA5E46E7}"
EndProject
Project("{9A19103F-16F7-4668-BE54-9A1E7A4F7556}") = "LibChild2_45", "LibChild2_45\LibChild2_45.csproj", "{F1B5CD59-4C84-4E2C-881E-8730306C5B48}"
EndProject
Project("{9A19103F-16F7-4668-BE54-9A1E7A4F7556}") = "LibChild2_46", "LibChild2_46\LibChild2_46.csproj", "{D30A25F1-3956-4CD1-81F1-4A817BCCE613}"
EndProject
Project("{9A19103F-16F7-4668-BE54-9A1E7A4F7556}") = "LibChild2_47", "LibChild2_47\LibChild2_47.csproj", "{2790EB91-4D27-4CE1-A48E-5B3461886223}"
EndProject
Project("{9A19103F-16F7-4668-BE54-9A1E7A4F7556}") = "LibChild2_48", "LibChild2_48\LibChild2_48.csproj", "{E782D2CA-0477-44C3-B9DD-9441EDB374EF}"
EndProject
Project("{9A19103F-16F7-4668-BE54-9A1E7A4F7556}") = "LibChild2_49", "LibChild2_49\LibChild2_49.csproj", "{E21DAEBE-1102-453D-B59D-5777CCFB6670}"
EndProject
Project("{9A19103F-16F7-4668-BE54-9A1E7A4F7556}") = "LibChild2_5", "LibChild2_5\LibChild2_5.csproj", "{F63F292A-1F46-4F86-B69A-5D003CC4515C}"
EndProject
Project("{9A19103F-16F7-4668-BE54-9A1E7A4F7556}") = "LibChild2_50", "LibChild2_50\LibChild2_50.csproj", "{8DDD412E-1378-420E-B228-31D220A7BDF9}"
EndProject
Project("{9A19103F-16F7-4668-BE54-9A1E7A4F7556}") = "LibChild2_51", "LibChild2_51\LibChild2_51.csproj", "{486AF143-CDF4-411E-B432-DB7601340AEC}"
EndProject
Project("{9A19103F-16F7-4668-BE54-9A1E7A4F7556}") = "LibChild2_6", "LibChild2_6\LibChild2_6.csproj", "{0FFDFC19-1915-4B17-9617-4AE1C8EB75DE}"
EndProject
Project("{9A19103F-16F7-4668-BE54-9A1E7A4F7556}") = "LibChild2_7", "LibChild2_7\LibChild2_7.csproj", "{5FF3C0BE-42AF-4533-A99D-DD7107C10C5E}"
EndProject
Project("{9A19103F-16F7-4668-BE54-9A1E7A4F7556}") = "LibChild2_8", "LibChild2_8\LibChild2_8.csproj", "{576000CF-1E50-4B1B-9717-D2E4C0ADD6CF}"
EndProject
Project("{9A19103F-16F7-4668-BE54-9A1E7A4F7556}") = "LibChild2_9", "LibChild2_9\LibChild2_9.csproj", "{3ADFD725-E748-4F9D-ABAC-55E89595902B}"
EndProject
Project("{9A19103F-16F7-4668-BE54-9A1E7A4F7556}") = "LibChild3_0", "LibChild3_0\LibChild3_0.csproj", "{04E73531-F28E-4154-8215-91E36E59EE22}"
EndProject
Project("{9A19103F-16F7-4668-BE54-9A1E7A4F7556}") = "LibChild3_1", "LibChild3_1\LibChild3_1.csproj", "{6E4AA8DB-3D6D-45B8-B82D-4691D4D418B8}"
EndProject
Project("{9A19103F-16F7-4668-BE54-9A1E7A4F7556}") = "LibChild3_10", "LibChild3_10\LibChild3_10.csproj", "{E62E47BB-4517-4D46-B3FD-209C78DD8760}"
EndProject
Project("{9A19103F-16F7-4668-BE54-9A1E7A4F7556}") = "LibChild3_11", "LibChild3_11\LibChild3_11.csproj", "{B3AE53CF-A012-461A-B27D-5980A0303B65}"
EndProject
Project("{9A19103F-16F7-4668-BE54-9A1E7A4F7556}") = "LibChild3_12", "LibChild3_12\LibChild3_12.csproj", "{CBAF324F-5F47-45DA-A23B-8FE698457BA6}"
EndProject
Project("{9A19103F-16F7-4668-BE54-9A1E7A4F7556}") = "LibChild3_13", "LibChild3_13\LibChild3_13.csproj", "{1282C07D-D42E-4CAA-92F9-E986B3A2BE5C}"
EndProject
Project("{9A19103F-16F7-4668-BE54-9A1E7A4F7556}") = "LibChild3_14", "LibChild3_14\LibChild3_14.csproj", "{94088DA3-E59C-47D1-A5D9-50CFDC3548CC}"
EndProject
Project("{9A19103F-16F7-4668-BE54-9A1E7A4F7556}") = "LibChild3_15", "LibChild3_15\LibChild3_15.csproj", "{009B3771-848D-41A0-A0FD-DFDA659A8DFE}"
EndProject
Project("{9A19103F-16F7-4668-BE54-9A1E7A4F7556}") = "LibChild3_16", "LibChild3_16\LibChild3_16.csproj", "{28EAED44-1AB4-449D-9B83-831CB3AD8965}"
EndProject
Project("{9A19103F-16F7-4668-BE54-9A1E7A4F7556}") = "LibChild3_17", "LibChild3_17\LibChild3_17.csproj", "{C286C9E0-70A0-49AF-8701-CE3ED1D170FD}"
EndProject
Project("{9A19103F-16F7-4668-BE54-9A1E7A4F7556}") = "LibChild3_18", "LibChild3_18\LibChild3_18.csproj", "{01E9458C-88E0-4E4F-8223-924DA4AA98D3}"
EndProject
Project("{9A19103F-16F7-4668-BE54-9A1E7A4F7556}") = "LibChild3_19", "LibChild3_19\LibChild3_19.csproj", "{A22085A6-4544-4D0E-A75A-BDDC3E9FBB19}"
EndProject
Project("{9A19103F-16F7-4668-BE54-9A1E7A4F7556}") = "LibChild3_2", "LibChild3_2\LibChild3_2.csproj", "{9F232C1C-FD9F-425A-99DC-D2EB0D7ACC1A}"
EndProject
Project("{9A19103F-16F7-4668-BE54-9A1E7A4F7556}") = "LibChild3_20", "LibChild3_20\LibChild3_20.csproj", "{2FEE9651-CA67-479A-8FB1-5FB0DD1A6C89}"
EndProject
Project("{9A19103F-16F7-4668-BE54-9A1E7A4F7556}") = "LibChild3_21", "LibChild3_21\LibChild3_21.csproj", "{DDEFFB5D-827D-417D-AC18-A0A0D9018676}"
EndProject
Project("{9A19103F-16F7-4668-BE54-9A1E7A4F7556}") = "LibChild3_22", "LibChild3_22\LibChild3_22.csproj", "{541D3F6F-C29F-4252-9142-C616B4191B88}"
EndProject
Project("{9A19103F-16F7-4668-BE54-9A1E7A4F7556}") = "LibChild3_23", "LibChild3_23\LibChild3_23.csproj", "{5775B6F2-F958-4D59-BD6E-B6174EAFC03D}"
EndProject
Project("{9A19103F-16F7-4668-BE54-9A1E7A4F7556}") = "LibChild3_24", "LibChild3_24\LibChild3_24.csproj", "{14ECB982-2A96-4BFB-A45B-F63E48228284}"
EndProject
Project("{9A19103F-16F7-4668-BE54-9A1E7A4F7556}") = "LibChild3_25", "LibChild3_25\LibChild3_25.csproj", "{3E3D6510-4A40-4CC5-92CF-1B524D0DFA58}"
EndProject
Project("{9A19103F-16F7-4668-BE54-9A1E7A4F7556}") = "LibChild3_26", "LibChild3_26\LibChild3_26.csproj", "{C6B58E59-FF48-4E77-98EC-C9F7D593F207}"
EndProject
Project("{9A19103F-16F7-4668-BE54-9A1E7A4F7556}") = "LibChild3_27", "LibChild3_27\LibChild3_27.csproj", "{935AEDDC-E27A-4CF7-9CA1-DDC686503E03}"
EndProject
Project("{9A19103F-16F7-4668-BE54-9A1E7A4F7556}") = "LibChild3_28", "LibChild3_28\LibChild3_28.csproj", "{CC7A01BC-B116-441D-AE79-BD1F50259AEE}"
EndProject
Project("{9A19103F-16F7-4668-BE54-9A1E7A4F7556}") = "LibChild3_29", "LibChild3_29\LibChild3_29.csproj", "{ED9902FF-43BA-49BE-8D24-7C880291973A}"
EndProject
Project("{9A19103F-16F7-4668-BE54-9A1E7A4F7556}") = "LibChild3_3", "LibChild3_3\LibChild3_3.csproj", "{35140595-6489-4869-BE80-3E4B63A3F057}"
EndProject
Project("{9A19103F-16F7-4668-BE54-9A1E7A4F7556}") = "LibChild3_30", "LibChild3_30\LibChild3_30.csproj", "{7E0A0BCA-6A32-404F-9395-DB559727F0A0}"
EndProject
Project("{9A19103F-16F7-4668-BE54-9A1E7A4F7556}") = "LibChild3_31", "LibChild3_31\LibChild3_31.csproj", "{7D55B979-E77E-4709-A908-8E41C301C5EA}"
EndProject
Project("{9A19103F-16F7-4668-BE54-9A1E7A4F7556}") = "LibChild3_32", "LibChild3_32\LibChild3_32.csproj", "{64E808A1-33AB-41C3-9F5E-976A82F9C126}"
EndProject
Project("{9A19103F-16F7-4668-BE54-9A1E7A4F7556}") = "LibChild3_33", "LibChild3_33\LibChild3_33.csproj", "{2A720AB6-AF84-4BC5-B71E-5AACF043E2EA}"
EndProject
Project("{9A19103F-16F7-4668-BE54-9A1E7A4F7556}") = "LibChild3_34", "LibChild3_34\LibChild3_34.csproj", "{0E095AFB-F65B-4A3D-B918-CD1AB2785B41}"
EndProject
Project("{9A19103F-16F7-4668-BE54-9A1E7A4F7556}") = "LibChild3_35", "LibChild3_35\LibChild3_35.csproj", "{47DE16B9-2F05-4DE7-88D9-D3578D24276E}"
EndProject
Project("{9A19103F-16F7-4668-BE54-9A1E7A4F7556}") = "LibChild3_36", "LibChild3_36\LibChild3_36.csproj", "{311DDBE9-58D7-4114-B975-B0E6ABB7B28B}"
EndProject
Project("{9A19103F-16F7-4668-BE54-9A1E7A4F7556}") = "LibChild3_4", "LibChild3_4\LibChild3_4.csproj", "{55A69CBA-359E-4EB6-88A5-5E484ED56FFE}"
EndProject
Project("{9A19103F-16F7-4668-BE54-9A1E7A4F7556}") = "LibChild3_5", "LibChild3_5\LibChild3_5.csproj", "{CFEF50A1-DF8A-4D2B-A603-E81D39FC62F9}"
EndProject
Project("{9A19103F-16F7-4668-BE54-9A1E7A4F7556}") = "LibChild3_6", "LibChild3_6\LibChild3_6.csproj", "{53B2E77C-772C-4250-8B5F-ABA297FA0080}"
EndProject
Project("{9A19103F-16F7-4668-BE54-9A1E7A4F7556}") = "LibChild3_7", "LibChild3_7\LibChild3_7.csproj", "{6A0F8096-38C0-440C-9BBA-77193F726C5F}"
EndProject
Project("{9A19103F-16F7-4668-BE54-9A1E7A4F7556}") = "LibChild3_8", "LibChild3_8\LibChild3_8.csproj", "{DEA07EBC-0D34-4FC4-B910-E3CE63256A72}"
EndProject
Project("{9A19103F-16F7-4668-BE54-9A1E7A4F7556}") = "LibChild3_9", "LibChild3_9\LibChild3_9.csproj", "{75154F70-C624-4634-ADA5-486C34D178BF}"
EndProject
Project("{9A19103F-16F7-4668-BE54-9A1E7A4F7556}") = "LibLeaf", "LibLeaf\LibLeaf.csproj", "{85CFB587-4127-47F5-A0AF-967DA6E96E80}"
EndProject
Project("{9A19103F-16F7-4668-BE54-9A1E7A4F7556}") = "LibRoot", "LibRoot\LibRoot.csproj", "{0FFB9EDD-4FC8-49CA-970F-2DD125556670}"
EndProject
Global
	GlobalSection(SolutionConfigurationPlatforms) = preSolution
		Debug|Any CPU = Debug|Any CPU
		Release|Any CPU = Release|Any CPU
	EndGlobalSection
	GlobalSection(ProjectConfigurationPlatforms) = postSolution
		{14B07510-671F-418D-A021-9FA8B4FCF717}.Debug|Any CPU.ActiveCfg = Debug|Any CPU
		{14B07510-671F-418D-A021-9FA8B4FCF717}.Debug|Any CPU.Build.0 = Debug|Any CPU
		{14B07510-671F-418D-A021-9FA8B4FCF717}.Release|Any CPU.ActiveCfg = Release|Any CPU
		{14B07510-671F-418D-A021-9FA8B4FCF717}.Release|Any CPU.Build.0 = Release|Any CPU
		{565267B7-1DD9-4D15-8E2E-CB6187C1F9DD}.Debug|Any CPU.ActiveCfg = Debug|Any CPU
		{565267B7-1DD9-4D15-8E2E-CB6187C1F9DD}.Debug|Any CPU.Build.0 = Debug|Any CPU
		{565267B7-1DD9-4D15-8E2E-CB6187C1F9DD}.Release|Any CPU.ActiveCfg = Release|Any CPU
		{565267B7-1DD9-4D15-8E2E-CB6187C1F9DD}.Release|Any CPU.Build.0 = Release|Any CPU
		{BFDFA457-B9DE-4C11-903B-2B0F3144CF03}.Debug|Any CPU.ActiveCfg = Debug|Any CPU
		{BFDFA457-B9DE-4C11-903B-2B0F3144CF03}.Debug|Any CPU.Build.0 = Debug|Any CPU
		{BFDFA457-B9DE-4C11-903B-2B0F3144CF03}.Release|Any CPU.ActiveCfg = Release|Any CPU
		{BFDFA457-B9DE-4C11-903B-2B0F3144CF03}.Release|Any CPU.Build.0 = Release|Any CPU
		{EF71189B-610B-42AE-98B0-1B5374C22879}.Debug|Any CPU.ActiveCfg = Debug|Any CPU
		{EF71189B-610B-42AE-98B0-1B5374C22879}.Debug|Any CPU.Build.0 = Debug|Any CPU
		{EF71189B-610B-42AE-98B0-1B5374C22879}.Release|Any CPU.ActiveCfg = Release|Any CPU
		{EF71189B-610B-42AE-98B0-1B5374C22879}.Release|Any CPU.Build.0 = Release|Any CPU
		{9D9A6E2F-FF5D-47B2-946B-1810E2D31290}.Debug|Any CPU.ActiveCfg = Debug|Any CPU
		{9D9A6E2F-FF5D-47B2-946B-1810E2D31290}.Debug|Any CPU.Build.0 = Debug|Any CPU
		{9D9A6E2F-FF5D-47B2-946B-1810E2D31290}.Release|Any CPU.ActiveCfg = Release|Any CPU
		{9D9A6E2F-FF5D-47B2-946B-1810E2D31290}.Release|Any CPU.Build.0 = Release|Any CPU
		{5A139441-3F2A-4BED-84F6-10DE24F606B6}.Debug|Any CPU.ActiveCfg = Debug|Any CPU
		{5A139441-3F2A-4BED-84F6-10DE24F606B6}.Debug|Any CPU.Build.0 = Debug|Any CPU
		{5A139441-3F2A-4BED-84F6-10DE24F606B6}.Release|Any CPU.ActiveCfg = Release|Any CPU
		{5A139441-3F2A-4BED-84F6-10DE24F606B6}.Release|Any CPU.Build.0 = Release|Any CPU
		{1A632696-A11D-4AE3-8D25-BE06D2F2ABA4}.Debug|Any CPU.ActiveCfg = Debug|Any CPU
		{1A632696-A11D-4AE3-8D25-BE06D2F2ABA4}.Debug|Any CPU.Build.0 = Debug|Any CPU
		{1A632696-A11D-4AE3-8D25-BE06D2F2ABA4}.Release|Any CPU.ActiveCfg = Release|Any CPU
		{1A632696-A11D-4AE3-8D25-BE06D2F2ABA4}.Release|Any CPU.Build.0 = Release|Any CPU
		{5DCDD2B1-3003-4D63-83D4-9B2CFB8E8957}.Debug|Any CPU.ActiveCfg = Debug|Any CPU
		{5DCDD2B1-3003-4D63-83D4-9B2CFB8E8957}.Debug|Any CPU.Build.0 = Debug|Any CPU
		{5DCDD2B1-3003-4D63-83D4-9B2CFB8E8957}.Release|Any CPU.ActiveCfg = Release|Any CPU
		{5DCDD2B1-3003-4D63-83D4-9B2CFB8E8957}.Release|Any CPU.Build.0 = Release|Any CPU
		{37530BA4-AB47-4CFA-A0F5-9D92FA304C53}.Debug|Any CPU.ActiveCfg = Debug|Any CPU
		{37530BA4-AB47-4CFA-A0F5-9D92FA304C53}.Debug|Any CPU.Build.0 = Debug|Any CPU
		{37530BA4-AB47-4CFA-A0F5-9D92FA304C53}.Release|Any CPU.ActiveCfg = Release|Any CPU
		{37530BA4-AB47-4CFA-A0F5-9D92FA304C53}.Release|Any CPU.Build.0 = Release|Any CPU
		{94528AF3-B22E-4E2D-856F-828C619E8EB2}.Debug|Any CPU.ActiveCfg = Debug|Any CPU
		{94528AF3-B22E-4E2D-856F-828C619E8EB2}.Debug|Any CPU.Build.0 = Debug|Any CPU
		{94528AF3-B22E-4E2D-856F-828C619E8EB2}.Release|Any CPU.ActiveCfg = Release|Any CPU
		{94528AF3-B22E-4E2D-856F-828C619E8EB2}.Release|Any CPU.Build.0 = Release|Any CPU
		{B4BEAB42-E538-4D6E-8CB7-FA6B765DC561}.Debug|Any CPU.ActiveCfg = Debug|Any CPU
		{B4BEAB42-E538-4D6E-8CB7-FA6B765DC561}.Debug|Any CPU.Build.0 = Debug|Any CPU
		{B4BEAB42-E538-4D6E-8CB7-FA6B765DC561}.Release|Any CPU.ActiveCfg = Release|Any CPU
		{B4BEAB42-E538-4D6E-8CB7-FA6B765DC561}.Release|Any CPU.Build.0 = Release|Any CPU
		{B599A726-175C-42B3-B7E6-3867E247958B}.Debug|Any CPU.ActiveCfg = Debug|Any CPU
		{B599A726-175C-42B3-B7E6-3867E247958B}.Debug|Any CPU.Build.0 = Debug|Any CPU
		{B599A726-175C-42B3-B7E6-3867E247958B}.Release|Any CPU.ActiveCfg = Release|Any CPU
		{B599A726-175C-42B3-B7E6-3867E247958B}.Release|Any CPU.Build.0 = Release|Any CPU
		{AB3B5867-36E3-4EE4-8D09-4ECE7AD6ACAE}.Debug|Any CPU.ActiveCfg = Debug|Any CPU
		{AB3B5867-36E3-4EE4-8D09-4ECE7AD6ACAE}.Debug|Any CPU.Build.0 = Debug|Any CPU
		{AB3B5867-36E3-4EE4-8D09-4ECE7AD6ACAE}.Release|Any CPU.ActiveCfg = Release|Any CPU
		{AB3B5867-36E3-4EE4-8D09-4ECE7AD6ACAE}.Release|Any CPU.Build.0 = Release|Any CPU
		{1EA71630-B753-40D0-AFD4-F010607A885F}.Debug|Any CPU.ActiveCfg = Debug|Any CPU
		{1EA71630-B753-40D0-AFD4-F010607A885F}.Debug|Any CPU.Build.0 = Debug|Any CPU
		{1EA71630-B753-40D0-AFD4-F010607A885F}.Release|Any CPU.ActiveCfg = Release|Any CPU
		{1EA71630-B753-40D0-AFD4-F010607A885F}.Release|Any CPU.Build.0 = Release|Any CPU
		{E1BA570D-5CAD-4962-9102-32A185AFCB21}.Debug|Any CPU.ActiveCfg = Debug|Any CPU
		{E1BA570D-5CAD-4962-9102-32A185AFCB21}.Debug|Any CPU.Build.0 = Debug|Any CPU
		{E1BA570D-5CAD-4962-9102-32A185AFCB21}.Release|Any CPU.ActiveCfg = Release|Any CPU
		{E1BA570D-5CAD-4962-9102-32A185AFCB21}.Release|Any CPU.Build.0 = Release|Any CPU
		{40F03DD8-345D-489C-8CBB-0693270F704B}.Debug|Any CPU.ActiveCfg = Debug|Any CPU
		{40F03DD8-345D-489C-8CBB-0693270F704B}.Debug|Any CPU.Build.0 = Debug|Any CPU
		{40F03DD8-345D-489C-8CBB-0693270F704B}.Release|Any CPU.ActiveCfg = Release|Any CPU
		{40F03DD8-345D-489C-8CBB-0693270F704B}.Release|Any CPU.Build.0 = Release|Any CPU
		{AE7F6482-5910-4AE8-B349-F8C72E5C7E86}.Debug|Any CPU.ActiveCfg = Debug|Any CPU
		{AE7F6482-5910-4AE8-B349-F8C72E5C7E86}.Debug|Any CPU.Build.0 = Debug|Any CPU
		{AE7F6482-5910-4AE8-B349-F8C72E5C7E86}.Release|Any CPU.ActiveCfg = Release|Any CPU
		{AE7F6482-5910-4AE8-B349-F8C72E5C7E86}.Release|Any CPU.Build.0 = Release|Any CPU
		{B48B22AD-A38D-4215-A9E5-EE1FF0E56FB4}.Debug|Any CPU.ActiveCfg = Debug|Any CPU
		{B48B22AD-A38D-4215-A9E5-EE1FF0E56FB4}.Debug|Any CPU.Build.0 = Debug|Any CPU
		{B48B22AD-A38D-4215-A9E5-EE1FF0E56FB4}.Release|Any CPU.ActiveCfg = Release|Any CPU
		{B48B22AD-A38D-4215-A9E5-EE1FF0E56FB4}.Release|Any CPU.Build.0 = Release|Any CPU
		{B89C83DA-77B8-4E79-85E3-0950E3497EBE}.Debug|Any CPU.ActiveCfg = Debug|Any CPU
		{B89C83DA-77B8-4E79-85E3-0950E3497EBE}.Debug|Any CPU.Build.0 = Debug|Any CPU
		{B89C83DA-77B8-4E79-85E3-0950E3497EBE}.Release|Any CPU.ActiveCfg = Release|Any CPU
		{B89C83DA-77B8-4E79-85E3-0950E3497EBE}.Release|Any CPU.Build.0 = Release|Any CPU
		{A6C11A6B-6FDC-46AB-8277-FF29EED5E014}.Debug|Any CPU.ActiveCfg = Debug|Any CPU
		{A6C11A6B-6FDC-46AB-8277-FF29EED5E014}.Debug|Any CPU.Build.0 = Debug|Any CPU
		{A6C11A6B-6FDC-46AB-8277-FF29EED5E014}.Release|Any CPU.ActiveCfg = Release|Any CPU
		{A6C11A6B-6FDC-46AB-8277-FF29EED5E014}.Release|Any CPU.Build.0 = Release|Any CPU
		{637A9C8D-76CC-4C83-A8B7-D7791661DBC4}.Debug|Any CPU.ActiveCfg = Debug|Any CPU
		{637A9C8D-76CC-4C83-A8B7-D7791661DBC4}.Debug|Any CPU.Build.0 = Debug|Any CPU
		{637A9C8D-76CC-4C83-A8B7-D7791661DBC4}.Release|Any CPU.ActiveCfg = Release|Any CPU
		{637A9C8D-76CC-4C83-A8B7-D7791661DBC4}.Release|Any CPU.Build.0 = Release|Any CPU
		{FDF1D566-990C-48EC-841D-A09133C052EF}.Debug|Any CPU.ActiveCfg = Debug|Any CPU
		{FDF1D566-990C-48EC-841D-A09133C052EF}.Debug|Any CPU.Build.0 = Debug|Any CPU
		{FDF1D566-990C-48EC-841D-A09133C052EF}.Release|Any CPU.ActiveCfg = Release|Any CPU
		{FDF1D566-990C-48EC-841D-A09133C052EF}.Release|Any CPU.Build.0 = Release|Any CPU
		{3414EE39-2630-4A4F-900F-4082D86AF5C8}.Debug|Any CPU.ActiveCfg = Debug|Any CPU
		{3414EE39-2630-4A4F-900F-4082D86AF5C8}.Debug|Any CPU.Build.0 = Debug|Any CPU
		{3414EE39-2630-4A4F-900F-4082D86AF5C8}.Release|Any CPU.ActiveCfg = Release|Any CPU
		{3414EE39-2630-4A4F-900F-4082D86AF5C8}.Release|Any CPU.Build.0 = Release|Any CPU
		{31DCB2DC-B04F-4F08-9EAC-7C2B2B343F81}.Debug|Any CPU.ActiveCfg = Debug|Any CPU
		{31DCB2DC-B04F-4F08-9EAC-7C2B2B343F81}.Debug|Any CPU.Build.0 = Debug|Any CPU
		{31DCB2DC-B04F-4F08-9EAC-7C2B2B343F81}.Release|Any CPU.ActiveCfg = Release|Any CPU
		{31DCB2DC-B04F-4F08-9EAC-7C2B2B343F81}.Release|Any CPU.Build.0 = Release|Any CPU
		{293F5040-FBBA-4FF6-813B-3648851E1F77}.Debug|Any CPU.ActiveCfg = Debug|Any CPU
		{293F5040-FBBA-4FF6-813B-3648851E1F77}.Debug|Any CPU.Build.0 = Debug|Any CPU
		{293F5040-FBBA-4FF6-813B-3648851E1F77}.Release|Any CPU.ActiveCfg = Release|Any CPU
		{293F5040-FBBA-4FF6-813B-3648851E1F77}.Release|Any CPU.Build.0 = Release|Any CPU
		{B4C04776-2824-4089-924D-455BC750845D}.Debug|Any CPU.ActiveCfg = Debug|Any CPU
		{B4C04776-2824-4089-924D-455BC750845D}.Debug|Any CPU.Build.0 = Debug|Any CPU
		{B4C04776-2824-4089-924D-455BC750845D}.Release|Any CPU.ActiveCfg = Release|Any CPU
		{B4C04776-2824-4089-924D-455BC750845D}.Release|Any CPU.Build.0 = Release|Any CPU
		{9E62DD6D-EE04-4A42-B584-A59615199677}.Debug|Any CPU.ActiveCfg = Debug|Any CPU
		{9E62DD6D-EE04-4A42-B584-A59615199677}.Debug|Any CPU.Build.0 = Debug|Any CPU
		{9E62DD6D-EE04-4A42-B584-A59615199677}.Release|Any CPU.ActiveCfg = Release|Any CPU
		{9E62DD6D-EE04-4A42-B584-A59615199677}.Release|Any CPU.Build.0 = Release|Any CPU
		{0424C6FB-373E-4580-9EB7-53572F96512D}.Debug|Any CPU.ActiveCfg = Debug|Any CPU
		{0424C6FB-373E-4580-9EB7-53572F96512D}.Debug|Any CPU.Build.0 = Debug|Any CPU
		{0424C6FB-373E-4580-9EB7-53572F96512D}.Release|Any CPU.ActiveCfg = Release|Any CPU
		{0424C6FB-373E-4580-9EB7-53572F96512D}.Release|Any CPU.Build.0 = Release|Any CPU
		{73A81C20-3751-41D9-B26D-A58134435BE6}.Debug|Any CPU.ActiveCfg = Debug|Any CPU
		{73A81C20-3751-41D9-B26D-A58134435BE6}.Debug|Any CPU.Build.0 = Debug|Any CPU
		{73A81C20-3751-41D9-B26D-A58134435BE6}.Release|Any CPU.ActiveCfg = Release|Any CPU
		{73A81C20-3751-41D9-B26D-A58134435BE6}.Release|Any CPU.Build.0 = Release|Any CPU
		{2BB67629-C0E5-4B84-AC87-136EFF0E6595}.Debug|Any CPU.ActiveCfg = Debug|Any CPU
		{2BB67629-C0E5-4B84-AC87-136EFF0E6595}.Debug|Any CPU.Build.0 = Debug|Any CPU
		{2BB67629-C0E5-4B84-AC87-136EFF0E6595}.Release|Any CPU.ActiveCfg = Release|Any CPU
		{2BB67629-C0E5-4B84-AC87-136EFF0E6595}.Release|Any CPU.Build.0 = Release|Any CPU
		{8CC76EA6-7223-46A5-AB55-32D8AD2FF5CE}.Debug|Any CPU.ActiveCfg = Debug|Any CPU
		{8CC76EA6-7223-46A5-AB55-32D8AD2FF5CE}.Debug|Any CPU.Build.0 = Debug|Any CPU
		{8CC76EA6-7223-46A5-AB55-32D8AD2FF5CE}.Release|Any CPU.ActiveCfg = Release|Any CPU
		{8CC76EA6-7223-46A5-AB55-32D8AD2FF5CE}.Release|Any CPU.Build.0 = Release|Any CPU
		{F2761729-4ACA-46D4-BA32-3A9AB748900E}.Debug|Any CPU.ActiveCfg = Debug|Any CPU
		{F2761729-4ACA-46D4-BA32-3A9AB748900E}.Debug|Any CPU.Build.0 = Debug|Any CPU
		{F2761729-4ACA-46D4-BA32-3A9AB748900E}.Release|Any CPU.ActiveCfg = Release|Any CPU
		{F2761729-4ACA-46D4-BA32-3A9AB748900E}.Release|Any CPU.Build.0 = Release|Any CPU
		{7DF09268-DEFB-4933-93DF-2EDDF2671002}.Debug|Any CPU.ActiveCfg = Debug|Any CPU
		{7DF09268-DEFB-4933-93DF-2EDDF2671002}.Debug|Any CPU.Build.0 = Debug|Any CPU
		{7DF09268-DEFB-4933-93DF-2EDDF2671002}.Release|Any CPU.ActiveCfg = Release|Any CPU
		{7DF09268-DEFB-4933-93DF-2EDDF2671002}.Release|Any CPU.Build.0 = Release|Any CPU
		{618854C1-3662-4B24-B2D6-2CEFE495E6FA}.Debug|Any CPU.ActiveCfg = Debug|Any CPU
		{618854C1-3662-4B24-B2D6-2CEFE495E6FA}.Debug|Any CPU.Build.0 = Debug|Any CPU
		{618854C1-3662-4B24-B2D6-2CEFE495E6FA}.Release|Any CPU.ActiveCfg = Release|Any CPU
		{618854C1-3662-4B24-B2D6-2CEFE495E6FA}.Release|Any CPU.Build.0 = Release|Any CPU
		{20329FDA-D373-4EBB-B83F-D84146D616BB}.Debug|Any CPU.ActiveCfg = Debug|Any CPU
		{20329FDA-D373-4EBB-B83F-D84146D616BB}.Debug|Any CPU.Build.0 = Debug|Any CPU
		{20329FDA-D373-4EBB-B83F-D84146D616BB}.Release|Any CPU.ActiveCfg = Release|Any CPU
		{20329FDA-D373-4EBB-B83F-D84146D616BB}.Release|Any CPU.Build.0 = Release|Any CPU
		{9366EBBA-5DAB-44C1-81A5-230F314D1477}.Debug|Any CPU.ActiveCfg = Debug|Any CPU
		{9366EBBA-5DAB-44C1-81A5-230F314D1477}.Debug|Any CPU.Build.0 = Debug|Any CPU
		{9366EBBA-5DAB-44C1-81A5-230F314D1477}.Release|Any CPU.ActiveCfg = Release|Any CPU
		{9366EBBA-5DAB-44C1-81A5-230F314D1477}.Release|Any CPU.Build.0 = Release|Any CPU
		{23CB5D80-D22D-4101-AF30-57979F05F554}.Debug|Any CPU.ActiveCfg = Debug|Any CPU
		{23CB5D80-D22D-4101-AF30-57979F05F554}.Debug|Any CPU.Build.0 = Debug|Any CPU
		{23CB5D80-D22D-4101-AF30-57979F05F554}.Release|Any CPU.ActiveCfg = Release|Any CPU
		{23CB5D80-D22D-4101-AF30-57979F05F554}.Release|Any CPU.Build.0 = Release|Any CPU
		{E11CB740-FB7A-4F3D-BC8B-F066CA739009}.Debug|Any CPU.ActiveCfg = Debug|Any CPU
		{E11CB740-FB7A-4F3D-BC8B-F066CA739009}.Debug|Any CPU.Build.0 = Debug|Any CPU
		{E11CB740-FB7A-4F3D-BC8B-F066CA739009}.Release|Any CPU.ActiveCfg = Release|Any CPU
		{E11CB740-FB7A-4F3D-BC8B-F066CA739009}.Release|Any CPU.Build.0 = Release|Any CPU
		{6D9DE8DD-91F7-4F23-8820-51B78532DC87}.Debug|Any CPU.ActiveCfg = Debug|Any CPU
		{6D9DE8DD-91F7-4F23-8820-51B78532DC87}.Debug|Any CPU.Build.0 = Debug|Any CPU
		{6D9DE8DD-91F7-4F23-8820-51B78532DC87}.Release|Any CPU.ActiveCfg = Release|Any CPU
		{6D9DE8DD-91F7-4F23-8820-51B78532DC87}.Release|Any CPU.Build.0 = Release|Any CPU
		{5DD15BCF-71FD-439F-94F5-4F50E98AA688}.Debug|Any CPU.ActiveCfg = Debug|Any CPU
		{5DD15BCF-71FD-439F-94F5-4F50E98AA688}.Debug|Any CPU.Build.0 = Debug|Any CPU
		{5DD15BCF-71FD-439F-94F5-4F50E98AA688}.Release|Any CPU.ActiveCfg = Release|Any CPU
		{5DD15BCF-71FD-439F-94F5-4F50E98AA688}.Release|Any CPU.Build.0 = Release|Any CPU
		{1B8194E0-9B74-43BF-B272-469608239E9C}.Debug|Any CPU.ActiveCfg = Debug|Any CPU
		{1B8194E0-9B74-43BF-B272-469608239E9C}.Debug|Any CPU.Build.0 = Debug|Any CPU
		{1B8194E0-9B74-43BF-B272-469608239E9C}.Release|Any CPU.ActiveCfg = Release|Any CPU
		{1B8194E0-9B74-43BF-B272-469608239E9C}.Release|Any CPU.Build.0 = Release|Any CPU
		{16945C73-DE4B-41BE-84B0-E5A2AE7C4877}.Debug|Any CPU.ActiveCfg = Debug|Any CPU
		{16945C73-DE4B-41BE-84B0-E5A2AE7C4877}.Debug|Any CPU.Build.0 = Debug|Any CPU
		{16945C73-DE4B-41BE-84B0-E5A2AE7C4877}.Release|Any CPU.ActiveCfg = Release|Any CPU
		{16945C73-DE4B-41BE-84B0-E5A2AE7C4877}.Release|Any CPU.Build.0 = Release|Any CPU
		{15A4A1E4-1F9D-44D2-AD74-B605F0E5D441}.Debug|Any CPU.ActiveCfg = Debug|Any CPU
		{15A4A1E4-1F9D-44D2-AD74-B605F0E5D441}.Debug|Any CPU.Build.0 = Debug|Any CPU
		{15A4A1E4-1F9D-44D2-AD74-B605F0E5D441}.Release|Any CPU.ActiveCfg = Release|Any CPU
		{15A4A1E4-1F9D-44D2-AD74-B605F0E5D441}.Release|Any CPU.Build.0 = Release|Any CPU
		{5F38B8F5-8932-48EE-9C2C-4D84C9388C4E}.Debug|Any CPU.ActiveCfg = Debug|Any CPU
		{5F38B8F5-8932-48EE-9C2C-4D84C9388C4E}.Debug|Any CPU.Build.0 = Debug|Any CPU
		{5F38B8F5-8932-48EE-9C2C-4D84C9388C4E}.Release|Any CPU.ActiveCfg = Release|Any CPU
		{5F38B8F5-8932-48EE-9C2C-4D84C9388C4E}.Release|Any CPU.Build.0 = Release|Any CPU
		{EAE0373C-6C05-4DB2-BD09-9FE19F65B065}.Debug|Any CPU.ActiveCfg = Debug|Any CPU
		{EAE0373C-6C05-4DB2-BD09-9FE19F65B065}.Debug|Any CPU.Build.0 = Debug|Any CPU
		{EAE0373C-6C05-4DB2-BD09-9FE19F65B065}.Release|Any CPU.ActiveCfg = Release|Any CPU
		{EAE0373C-6C05-4DB2-BD09-9FE19F65B065}.Release|Any CPU.Build.0 = Release|Any CPU
		{4D5D5E79-5F2C-4FBC-A6B8-276AB5BD8695}.Debug|Any CPU.ActiveCfg = Debug|Any CPU
		{4D5D5E79-5F2C-4FBC-A6B8-276AB5BD8695}.Debug|Any CPU.Build.0 = Debug|Any CPU
		{4D5D5E79-5F2C-4FBC-A6B8-276AB5BD8695}.Release|Any CPU.ActiveCfg = Release|Any CPU
		{4D5D5E79-5F2C-4FBC-A6B8-276AB5BD8695}.Release|Any CPU.Build.0 = Release|Any CPU
		{F7236019-08CA-4C8C-8F4C-69F2271AF6D9}.Debug|Any CPU.ActiveCfg = Debug|Any CPU
		{F7236019-08CA-4C8C-8F4C-69F2271AF6D9}.Debug|Any CPU.Build.0 = Debug|Any CPU
		{F7236019-08CA-4C8C-8F4C-69F2271AF6D9}.Release|Any CPU.ActiveCfg = Release|Any CPU
		{F7236019-08CA-4C8C-8F4C-69F2271AF6D9}.Release|Any CPU.Build.0 = Release|Any CPU
		{7797DF46-4C74-4B79-B5BD-6BA591DA0F0F}.Debug|Any CPU.ActiveCfg = Debug|Any CPU
		{7797DF46-4C74-4B79-B5BD-6BA591DA0F0F}.Debug|Any CPU.Build.0 = Debug|Any CPU
		{7797DF46-4C74-4B79-B5BD-6BA591DA0F0F}.Release|Any CPU.ActiveCfg = Release|Any CPU
		{7797DF46-4C74-4B79-B5BD-6BA591DA0F0F}.Release|Any CPU.Build.0 = Release|Any CPU
		{AF1E4DAA-4D31-4B5C-8779-D866EA5E46E7}.Debug|Any CPU.ActiveCfg = Debug|Any CPU
		{AF1E4DAA-4D31-4B5C-8779-D866EA5E46E7}.Debug|Any CPU.Build.0 = Debug|Any CPU
		{AF1E4DAA-4D31-4B5C-8779-D866EA5E46E7}.Release|Any CPU.ActiveCfg = Release|Any CPU
		{AF1E4DAA-4D31-4B5C-8779-D866EA5E46E7}.Release|Any CPU.Build.0 = Release|Any CPU
		{F1B5CD59-4C84-4E2C-881E-8730306C5B48}.Debug|Any CPU.ActiveCfg = Debug|Any CPU
		{F1B5CD59-4C84-4E2C-881E-8730306C5B48}.Debug|Any CPU.Build.0 = Debug|Any CPU
		{F1B5CD59-4C84-4E2C-881E-8730306C5B48}.Release|Any CPU.ActiveCfg = Release|Any CPU
		{F1B5CD59-4C84-4E2C-881E-8730306C5B48}.Release|Any CPU.Build.0 = Release|Any CPU
		{D30A25F1-3956-4CD1-81F1-4A817BCCE613}.Debug|Any CPU.ActiveCfg = Debug|Any CPU
		{D30A25F1-3956-4CD1-81F1-4A817BCCE613}.Debug|Any CPU.Build.0 = Debug|Any CPU
		{D30A25F1-3956-4CD1-81F1-4A817BCCE613}.Release|Any CPU.ActiveCfg = Release|Any CPU
		{D30A25F1-3956-4CD1-81F1-4A817BCCE613}.Release|Any CPU.Build.0 = Release|Any CPU
		{2790EB91-4D27-4CE1-A48E-5B3461886223}.Debug|Any CPU.ActiveCfg = Debug|Any CPU
		{2790EB91-4D27-4CE1-A48E-5B3461886223}.Debug|Any CPU.Build.0 = Debug|Any CPU
		{2790EB91-4D27-4CE1-A48E-5B3461886223}.Release|Any CPU.ActiveCfg = Release|Any CPU
		{2790EB91-4D27-4CE1-A48E-5B3461886223}.Release|Any CPU.Build.0 = Release|Any CPU
		{E782D2CA-0477-44C3-B9DD-9441EDB374EF}.Debug|Any CPU.ActiveCfg = Debug|Any CPU
		{E782D2CA-0477-44C3-B9DD-9441EDB374EF}.Debug|Any CPU.Build.0 = Debug|Any CPU
		{E782D2CA-0477-44C3-B9DD-9441EDB374EF}.Release|Any CPU.ActiveCfg = Release|Any CPU
		{E782D2CA-0477-44C3-B9DD-9441EDB374EF}.Release|Any CPU.Build.0 = Release|Any CPU
		{E21DAEBE-1102-453D-B59D-5777CCFB6670}.Debug|Any CPU.ActiveCfg = Debug|Any CPU
		{E21DAEBE-1102-453D-B59D-5777CCFB6670}.Debug|Any CPU.Build.0 = Debug|Any CPU
		{E21DAEBE-1102-453D-B59D-5777CCFB6670}.Release|Any CPU.ActiveCfg = Release|Any CPU
		{E21DAEBE-1102-453D-B59D-5777CCFB6670}.Release|Any CPU.Build.0 = Release|Any CPU
		{F63F292A-1F46-4F86-B69A-5D003CC4515C}.Debug|Any CPU.ActiveCfg = Debug|Any CPU
		{F63F292A-1F46-4F86-B69A-5D003CC4515C}.Debug|Any CPU.Build.0 = Debug|Any CPU
		{F63F292A-1F46-4F86-B69A-5D003CC4515C}.Release|Any CPU.ActiveCfg = Release|Any CPU
		{F63F292A-1F46-4F86-B69A-5D003CC4515C}.Release|Any CPU.Build.0 = Release|Any CPU
		{8DDD412E-1378-420E-B228-31D220A7BDF9}.Debug|Any CPU.ActiveCfg = Debug|Any CPU
		{8DDD412E-1378-420E-B228-31D220A7BDF9}.Debug|Any CPU.Build.0 = Debug|Any CPU
		{8DDD412E-1378-420E-B228-31D220A7BDF9}.Release|Any CPU.ActiveCfg = Release|Any CPU
		{8DDD412E-1378-420E-B228-31D220A7BDF9}.Release|Any CPU.Build.0 = Release|Any CPU
		{486AF143-CDF4-411E-B432-DB7601340AEC}.Debug|Any CPU.ActiveCfg = Debug|Any CPU
		{486AF143-CDF4-411E-B432-DB7601340AEC}.Debug|Any CPU.Build.0 = Debug|Any CPU
		{486AF143-CDF4-411E-B432-DB7601340AEC}.Release|Any CPU.ActiveCfg = Release|Any CPU
		{486AF143-CDF4-411E-B432-DB7601340AEC}.Release|Any CPU.Build.0 = Release|Any CPU
		{0FFDFC19-1915-4B17-9617-4AE1C8EB75DE}.Debug|Any CPU.ActiveCfg = Debug|Any CPU
		{0FFDFC19-1915-4B17-9617-4AE1C8EB75DE}.Debug|Any CPU.Build.0 = Debug|Any CPU
		{0FFDFC19-1915-4B17-9617-4AE1C8EB75DE}.Release|Any CPU.ActiveCfg = Release|Any CPU
		{0FFDFC19-1915-4B17-9617-4AE1C8EB75DE}.Release|Any CPU.Build.0 = Release|Any CPU
		{5FF3C0BE-42AF-4533-A99D-DD7107C10C5E}.Debug|Any CPU.ActiveCfg = Debug|Any CPU
		{5FF3C0BE-42AF-4533-A99D-DD7107C10C5E}.Debug|Any CPU.Build.0 = Debug|Any CPU
		{5FF3C0BE-42AF-4533-A99D-DD7107C10C5E}.Release|Any CPU.ActiveCfg = Release|Any CPU
		{5FF3C0BE-42AF-4533-A99D-DD7107C10C5E}.Release|Any CPU.Build.0 = Release|Any CPU
		{576000CF-1E50-4B1B-9717-D2E4C0ADD6CF}.Debug|Any CPU.ActiveCfg = Debug|Any CPU
		{576000CF-1E50-4B1B-9717-D2E4C0ADD6CF}.Debug|Any CPU.Build.0 = Debug|Any CPU
		{576000CF-1E50-4B1B-9717-D2E4C0ADD6CF}.Release|Any CPU.ActiveCfg = Release|Any CPU
		{576000CF-1E50-4B1B-9717-D2E4C0ADD6CF}.Release|Any CPU.Build.0 = Release|Any CPU
		{3ADFD725-E748-4F9D-ABAC-55E89595902B}.Debug|Any CPU.ActiveCfg = Debug|Any CPU
		{3ADFD725-E748-4F9D-ABAC-55E89595902B}.Debug|Any CPU.Build.0 = Debug|Any CPU
		{3ADFD725-E748-4F9D-ABAC-55E89595902B}.Release|Any CPU.ActiveCfg = Release|Any CPU
		{3ADFD725-E748-4F9D-ABAC-55E89595902B}.Release|Any CPU.Build.0 = Release|Any CPU
		{04E73531-F28E-4154-8215-91E36E59EE22}.Debug|Any CPU.ActiveCfg = Debug|Any CPU
		{04E73531-F28E-4154-8215-91E36E59EE22}.Debug|Any CPU.Build.0 = Debug|Any CPU
		{04E73531-F28E-4154-8215-91E36E59EE22}.Release|Any CPU.ActiveCfg = Release|Any CPU
		{04E73531-F28E-4154-8215-91E36E59EE22}.Release|Any CPU.Build.0 = Release|Any CPU
		{6E4AA8DB-3D6D-45B8-B82D-4691D4D418B8}.Debug|Any CPU.ActiveCfg = Debug|Any CPU
		{6E4AA8DB-3D6D-45B8-B82D-4691D4D418B8}.Debug|Any CPU.Build.0 = Debug|Any CPU
		{6E4AA8DB-3D6D-45B8-B82D-4691D4D418B8}.Release|Any CPU.ActiveCfg = Release|Any CPU
		{6E4AA8DB-3D6D-45B8-B82D-4691D4D418B8}.Release|Any CPU.Build.0 = Release|Any CPU
		{E62E47BB-4517-4D46-B3FD-209C78DD8760}.Debug|Any CPU.ActiveCfg = Debug|Any CPU
		{E62E47BB-4517-4D46-B3FD-209C78DD8760}.Debug|Any CPU.Build.0 = Debug|Any CPU
		{E62E47BB-4517-4D46-B3FD-209C78DD8760}.Release|Any CPU.ActiveCfg = Release|Any CPU
		{E62E47BB-4517-4D46-B3FD-209C78DD8760}.Release|Any CPU.Build.0 = Release|Any CPU
		{B3AE53CF-A012-461A-B27D-5980A0303B65}.Debug|Any CPU.ActiveCfg = Debug|Any CPU
		{B3AE53CF-A012-461A-B27D-5980A0303B65}.Debug|Any CPU.Build.0 = Debug|Any CPU
		{B3AE53CF-A012-461A-B27D-5980A0303B65}.Release|Any CPU.ActiveCfg = Release|Any CPU
		{B3AE53CF-A012-461A-B27D-5980A0303B65}.Release|Any CPU.Build.0 = Release|Any CPU
		{CBAF324F-5F47-45DA-A23B-8FE698457BA6}.Debug|Any CPU.ActiveCfg = Debug|Any CPU
		{CBAF324F-5F47-45DA-A23B-8FE698457BA6}.Debug|Any CPU.Build.0 = Debug|Any CPU
		{CBAF324F-5F47-45DA-A23B-8FE698457BA6}.Release|Any CPU.ActiveCfg = Release|Any CPU
		{CBAF324F-5F47-45DA-A23B-8FE698457BA6}.Release|Any CPU.Build.0 = Release|Any CPU
		{1282C07D-D42E-4CAA-92F9-E986B3A2BE5C}.Debug|Any CPU.ActiveCfg = Debug|Any CPU
		{1282C07D-D42E-4CAA-92F9-E986B3A2BE5C}.Debug|Any CPU.Build.0 = Debug|Any CPU
		{1282C07D-D42E-4CAA-92F9-E986B3A2BE5C}.Release|Any CPU.ActiveCfg = Release|Any CPU
		{1282C07D-D42E-4CAA-92F9-E986B3A2BE5C}.Release|Any CPU.Build.0 = Release|Any CPU
		{94088DA3-E59C-47D1-A5D9-50CFDC3548CC}.Debug|Any CPU.ActiveCfg = Debug|Any CPU
		{94088DA3-E59C-47D1-A5D9-50CFDC3548CC}.Debug|Any CPU.Build.0 = Debug|Any CPU
		{94088DA3-E59C-47D1-A5D9-50CFDC3548CC}.Release|Any CPU.ActiveCfg = Release|Any CPU
		{94088DA3-E59C-47D1-A5D9-50CFDC3548CC}.Release|Any CPU.Build.0 = Release|Any CPU
		{009B3771-848D-41A0-A0FD-DFDA659A8DFE}.Debug|Any CPU.ActiveCfg = Debug|Any CPU
		{009B3771-848D-41A0-A0FD-DFDA659A8DFE}.Debug|Any CPU.Build.0 = Debug|Any CPU
		{009B3771-848D-41A0-A0FD-DFDA659A8DFE}.Release|Any CPU.ActiveCfg = Release|Any CPU
		{009B3771-848D-41A0-A0FD-DFDA659A8DFE}.Release|Any CPU.Build.0 = Release|Any CPU
		{28EAED44-1AB4-449D-9B83-831CB3AD8965}.Debug|Any CPU.ActiveCfg = Debug|Any CPU
		{28EAED44-1AB4-449D-9B83-831CB3AD8965}.Debug|Any CPU.Build.0 = Debug|Any CPU
		{28EAED44-1AB4-449D-9B83-831CB3AD8965}.Release|Any CPU.ActiveCfg = Release|Any CPU
		{28EAED44-1AB4-449D-9B83-831CB3AD8965}.Release|Any CPU.Build.0 = Release|Any CPU
		{C286C9E0-70A0-49AF-8701-CE3ED1D170FD}.Debug|Any CPU.ActiveCfg = Debug|Any CPU
		{C286C9E0-70A0-49AF-8701-CE3ED1D170FD}.Debug|Any CPU.Build.0 = Debug|Any CPU
		{C286C9E0-70A0-49AF-8701-CE3ED1D170FD}.Release|Any CPU.ActiveCfg = Release|Any CPU
		{C286C9E0-70A0-49AF-8701-CE3ED1D170FD}.Release|Any CPU.Build.0 = Release|Any CPU
		{01E9458C-88E0-4E4F-8223-924DA4AA98D3}.Debug|Any CPU.ActiveCfg = Debug|Any CPU
		{01E9458C-88E0-4E4F-8223-924DA4AA98D3}.Debug|Any CPU.Build.0 = Debug|Any CPU
		{01E9458C-88E0-4E4F-8223-924DA4AA98D3}.Release|Any CPU.ActiveCfg = Release|Any CPU
		{01E9458C-88E0-4E4F-8223-924DA4AA98D3}.Release|Any CPU.Build.0 = Release|Any CPU
		{A22085A6-4544-4D0E-A75A-BDDC3E9FBB19}.Debug|Any CPU.ActiveCfg = Debug|Any CPU
		{A22085A6-4544-4D0E-A75A-BDDC3E9FBB19}.Debug|Any CPU.Build.0 = Debug|Any CPU
		{A22085A6-4544-4D0E-A75A-BDDC3E9FBB19}.Release|Any CPU.ActiveCfg = Release|Any CPU
		{A22085A6-4544-4D0E-A75A-BDDC3E9FBB19}.Release|Any CPU.Build.0 = Release|Any CPU
		{9F232C1C-FD9F-425A-99DC-D2EB0D7ACC1A}.Debug|Any CPU.ActiveCfg = Debug|Any CPU
		{9F232C1C-FD9F-425A-99DC-D2EB0D7ACC1A}.Debug|Any CPU.Build.0 = Debug|Any CPU
		{9F232C1C-FD9F-425A-99DC-D2EB0D7ACC1A}.Release|Any CPU.ActiveCfg = Release|Any CPU
		{9F232C1C-FD9F-425A-99DC-D2EB0D7ACC1A}.Release|Any CPU.Build.0 = Release|Any CPU
		{2FEE9651-CA67-479A-8FB1-5FB0DD1A6C89}.Debug|Any CPU.ActiveCfg = Debug|Any CPU
		{2FEE9651-CA67-479A-8FB1-5FB0DD1A6C89}.Debug|Any CPU.Build.0 = Debug|Any CPU
		{2FEE9651-CA67-479A-8FB1-5FB0DD1A6C89}.Release|Any CPU.ActiveCfg = Release|Any CPU
		{2FEE9651-CA67-479A-8FB1-5FB0DD1A6C89}.Release|Any CPU.Build.0 = Release|Any CPU
		{DDEFFB5D-827D-417D-AC18-A0A0D9018676}.Debug|Any CPU.ActiveCfg = Debug|Any CPU
		{DDEFFB5D-827D-417D-AC18-A0A0D9018676}.Debug|Any CPU.Build.0 = Debug|Any CPU
		{DDEFFB5D-827D-417D-AC18-A0A0D9018676}.Release|Any CPU.ActiveCfg = Release|Any CPU
		{DDEFFB5D-827D-417D-AC18-A0A0D9018676}.Release|Any CPU.Build.0 = Release|Any CPU
		{541D3F6F-C29F-4252-9142-C616B4191B88}.Debug|Any CPU.ActiveCfg = Debug|Any CPU
		{541D3F6F-C29F-4252-9142-C616B4191B88}.Debug|Any CPU.Build.0 = Debug|Any CPU
		{541D3F6F-C29F-4252-9142-C616B4191B88}.Release|Any CPU.ActiveCfg = Release|Any CPU
		{541D3F6F-C29F-4252-9142-C616B4191B88}.Release|Any CPU.Build.0 = Release|Any CPU
		{5775B6F2-F958-4D59-BD6E-B6174EAFC03D}.Debug|Any CPU.ActiveCfg = Debug|Any CPU
		{5775B6F2-F958-4D59-BD6E-B6174EAFC03D}.Debug|Any CPU.Build.0 = Debug|Any CPU
		{5775B6F2-F958-4D59-BD6E-B6174EAFC03D}.Release|Any CPU.ActiveCfg = Release|Any CPU
		{5775B6F2-F958-4D59-BD6E-B6174EAFC03D}.Release|Any CPU.Build.0 = Release|Any CPU
		{14ECB982-2A96-4BFB-A45B-F63E48228284}.Debug|Any CPU.ActiveCfg = Debug|Any CPU
		{14ECB982-2A96-4BFB-A45B-F63E48228284}.Debug|Any CPU.Build.0 = Debug|Any CPU
		{14ECB982-2A96-4BFB-A45B-F63E48228284}.Release|Any CPU.ActiveCfg = Release|Any CPU
		{14ECB982-2A96-4BFB-A45B-F63E48228284}.Release|Any CPU.Build.0 = Release|Any CPU
		{3E3D6510-4A40-4CC5-92CF-1B524D0DFA58}.Debug|Any CPU.ActiveCfg = Debug|Any CPU
		{3E3D6510-4A40-4CC5-92CF-1B524D0DFA58}.Debug|Any CPU.Build.0 = Debug|Any CPU
		{3E3D6510-4A40-4CC5-92CF-1B524D0DFA58}.Release|Any CPU.ActiveCfg = Release|Any CPU
		{3E3D6510-4A40-4CC5-92CF-1B524D0DFA58}.Release|Any CPU.Build.0 = Release|Any CPU
		{C6B58E59-FF48-4E77-98EC-C9F7D593F207}.Debug|Any CPU.ActiveCfg = Debug|Any CPU
		{C6B58E59-FF48-4E77-98EC-C9F7D593F207}.Debug|Any CPU.Build.0 = Debug|Any CPU
		{C6B58E59-FF48-4E77-98EC-C9F7D593F207}.Release|Any CPU.ActiveCfg = Release|Any CPU
		{C6B58E59-FF48-4E77-98EC-C9F7D593F207}.Release|Any CPU.Build.0 = Release|Any CPU
		{935AEDDC-E27A-4CF7-9CA1-DDC686503E03}.Debug|Any CPU.ActiveCfg = Debug|Any CPU
		{935AEDDC-E27A-4CF7-9CA1-DDC686503E03}.Debug|Any CPU.Build.0 = Debug|Any CPU
		{935AEDDC-E27A-4CF7-9CA1-DDC686503E03}.Release|Any CPU.ActiveCfg = Release|Any CPU
		{935AEDDC-E27A-4CF7-9CA1-DDC686503E03}.Release|Any CPU.Build.0 = Release|Any CPU
		{CC7A01BC-B116-441D-AE79-BD1F50259AEE}.Debug|Any CPU.ActiveCfg = Debug|Any CPU
		{CC7A01BC-B116-441D-AE79-BD1F50259AEE}.Debug|Any CPU.Build.0 = Debug|Any CPU
		{CC7A01BC-B116-441D-AE79-BD1F50259AEE}.Release|Any CPU.ActiveCfg = Release|Any CPU
		{CC7A01BC-B116-441D-AE79-BD1F50259AEE}.Release|Any CPU.Build.0 = Release|Any CPU
		{ED9902FF-43BA-49BE-8D24-7C880291973A}.Debug|Any CPU.ActiveCfg = Debug|Any CPU
		{ED9902FF-43BA-49BE-8D24-7C880291973A}.Debug|Any CPU.Build.0 = Debug|Any CPU
		{ED9902FF-43BA-49BE-8D24-7C880291973A}.Release|Any CPU.ActiveCfg = Release|Any CPU
		{ED9902FF-43BA-49BE-8D24-7C880291973A}.Release|Any CPU.Build.0 = Release|Any CPU
		{35140595-6489-4869-BE80-3E4B63A3F057}.Debug|Any CPU.ActiveCfg = Debug|Any CPU
		{35140595-6489-4869-BE80-3E4B63A3F057}.Debug|Any CPU.Build.0 = Debug|Any CPU
		{35140595-6489-4869-BE80-3E4B63A3F057}.Release|Any CPU.ActiveCfg = Release|Any CPU
		{35140595-6489-4869-BE80-3E4B63A3F057}.Release|Any CPU.Build.0 = Release|Any CPU
		{7E0A0BCA-6A32-404F-9395-DB559727F0A0}.Debug|Any CPU.ActiveCfg = Debug|Any CPU
		{7E0A0BCA-6A32-404F-9395-DB559727F0A0}.Debug|Any CPU.Build.0 = Debug|Any CPU
		{7E0A0BCA-6A32-404F-9395-DB559727F0A0}.Release|Any CPU.ActiveCfg = Release|Any CPU
		{7E0A0BCA-6A32-404F-9395-DB559727F0A0}.Release|Any CPU.Build.0 = Release|Any CPU
		{7D55B979-E77E-4709-A908-8E41C301C5EA}.Debug|Any CPU.ActiveCfg = Debug|Any CPU
		{7D55B979-E77E-4709-A908-8E41C301C5EA}.Debug|Any CPU.Build.0 = Debug|Any CPU
		{7D55B979-E77E-4709-A908-8E41C301C5EA}.Release|Any CPU.ActiveCfg = Release|Any CPU
		{7D55B979-E77E-4709-A908-8E41C301C5EA}.Release|Any CPU.Build.0 = Release|Any CPU
		{64E808A1-33AB-41C3-9F5E-976A82F9C126}.Debug|Any CPU.ActiveCfg = Debug|Any CPU
		{64E808A1-33AB-41C3-9F5E-976A82F9C126}.Debug|Any CPU.Build.0 = Debug|Any CPU
		{64E808A1-33AB-41C3-9F5E-976A82F9C126}.Release|Any CPU.ActiveCfg = Release|Any CPU
		{64E808A1-33AB-41C3-9F5E-976A82F9C126}.Release|Any CPU.Build.0 = Release|Any CPU
		{2A720AB6-AF84-4BC5-B71E-5AACF043E2EA}.Debug|Any CPU.ActiveCfg = Debug|Any CPU
		{2A720AB6-AF84-4BC5-B71E-5AACF043E2EA}.Debug|Any CPU.Build.0 = Debug|Any CPU
		{2A720AB6-AF84-4BC5-B71E-5AACF043E2EA}.Release|Any CPU.ActiveCfg = Release|Any CPU
		{2A720AB6-AF84-4BC5-B71E-5AACF043E2EA}.Release|Any CPU.Build.0 = Release|Any CPU
		{0E095AFB-F65B-4A3D-B918-CD1AB2785B41}.Debug|Any CPU.ActiveCfg = Debug|Any CPU
		{0E095AFB-F65B-4A3D-B918-CD1AB2785B41}.Debug|Any CPU.Build.0 = Debug|Any CPU
		{0E095AFB-F65B-4A3D-B918-CD1AB2785B41}.Release|Any CPU.ActiveCfg = Release|Any CPU
		{0E095AFB-F65B-4A3D-B918-CD1AB2785B41}.Release|Any CPU.Build.0 = Release|Any CPU
		{47DE16B9-2F05-4DE7-88D9-D3578D24276E}.Debug|Any CPU.ActiveCfg = Debug|Any CPU
		{47DE16B9-2F05-4DE7-88D9-D3578D24276E}.Debug|Any CPU.Build.0 = Debug|Any CPU
		{47DE16B9-2F05-4DE7-88D9-D3578D24276E}.Release|Any CPU.ActiveCfg = Release|Any CPU
		{47DE16B9-2F05-4DE7-88D9-D3578D24276E}.Release|Any CPU.Build.0 = Release|Any CPU
		{311DDBE9-58D7-4114-B975-B0E6ABB7B28B}.Debug|Any CPU.ActiveCfg = Debug|Any CPU
		{311DDBE9-58D7-4114-B975-B0E6ABB7B28B}.Debug|Any CPU.Build.0 = Debug|Any CPU
		{311DDBE9-58D7-4114-B975-B0E6ABB7B28B}.Release|Any CPU.ActiveCfg = Release|Any CPU
		{311DDBE9-58D7-4114-B975-B0E6ABB7B28B}.Release|Any CPU.Build.0 = Release|Any CPU
		{55A69CBA-359E-4EB6-88A5-5E484ED56FFE}.Debug|Any CPU.ActiveCfg = Debug|Any CPU
		{55A69CBA-359E-4EB6-88A5-5E484ED56FFE}.Debug|Any CPU.Build.0 = Debug|Any CPU
		{55A69CBA-359E-4EB6-88A5-5E484ED56FFE}.Release|Any CPU.ActiveCfg = Release|Any CPU
		{55A69CBA-359E-4EB6-88A5-5E484ED56FFE}.Release|Any CPU.Build.0 = Release|Any CPU
		{CFEF50A1-DF8A-4D2B-A603-E81D39FC62F9}.Debug|Any CPU.ActiveCfg = Debug|Any CPU
		{CFEF50A1-DF8A-4D2B-A603-E81D39FC62F9}.Debug|Any CPU.Build.0 = Debug|Any CPU
		{CFEF50A1-DF8A-4D2B-A603-E81D39FC62F9}.Release|Any CPU.ActiveCfg = Release|Any CPU
		{CFEF50A1-DF8A-4D2B-A603-E81D39FC62F9}.Release|Any CPU.Build.0 = Release|Any CPU
		{53B2E77C-772C-4250-8B5F-ABA297FA0080}.Debug|Any CPU.ActiveCfg = Debug|Any CPU
		{53B2E77C-772C-4250-8B5F-ABA297FA0080}.Debug|Any CPU.Build.0 = Debug|Any CPU
		{53B2E77C-772C-4250-8B5F-ABA297FA0080}.Release|Any CPU.ActiveCfg = Release|Any CPU
		{53B2E77C-772C-4250-8B5F-ABA297FA0080}.Release|Any CPU.Build.0 = Release|Any CPU
		{6A0F8096-38C0-440C-9BBA-77193F726C5F}.Debug|Any CPU.ActiveCfg = Debug|Any CPU
		{6A0F8096-38C0-440C-9BBA-77193F726C5F}.Debug|Any CPU.Build.0 = Debug|Any CPU
		{6A0F8096-38C0-440C-9BBA-77193F726C5F}.Release|Any CPU.ActiveCfg = Release|Any CPU
		{6A0F8096-38C0-440C-9BBA-77193F726C5F}.Release|Any CPU.Build.0 = Release|Any CPU
		{DEA07EBC-0D34-4FC4-B910-E3CE63256A72}.Debug|Any CPU.ActiveCfg = Debug|Any CPU
		{DEA07EBC-0D34-4FC4-B910-E3CE63256A72}.Debug|Any CPU.Build.0 = Debug|Any CPU
		{DEA07EBC-0D34-4FC4-B910-E3CE63256A72}.Release|Any CPU.ActiveCfg = Release|Any CPU
		{DEA07EBC-0D34-4FC4-B910-E3CE63256A72}.Release|Any CPU.Build.0 = Release|Any CPU
		{75154F70-C624-4634-ADA5-486C34D178BF}.Debug|Any CPU.ActiveCfg = Debug|Any CPU
		{75154F70-C624-4634-ADA5-486C34D178BF}.Debug|Any CPU.Build.0 = Debug|Any CPU
		{75154F70-C624-4634-ADA5-486C34D178BF}.Release|Any CPU.ActiveCfg = Release|Any CPU
		{75154F70-C624-4634-ADA5-486C34D178BF}.Release|Any CPU.Build.0 = Release|Any CPU
		{85CFB587-4127-47F5-A0AF-967DA6E96E80}.Debug|Any CPU.ActiveCfg = Debug|Any CPU
		{85CFB587-4127-47F5-A0AF-967DA6E96E80}.Debug|Any CPU.Build.0 = Debug|Any CPU
		{85CFB587-4127-47F5-A0AF-967DA6E96E80}.Release|Any CPU.ActiveCfg = Release|Any CPU
		{85CFB587-4127-47F5-A0AF-967DA6E96E80}.Release|Any CPU.Build.0 = Release|Any CPU
		{0FFB9EDD-4FC8-49CA-970F-2DD125556670}.Debug|Any CPU.ActiveCfg = Debug|Any CPU
		{0FFB9EDD-4FC8-49CA-970F-2DD125556670}.Debug|Any CPU.Build.0 = Debug|Any CPU
		{0FFB9EDD-4FC8-49CA-970F-2DD125556670}.Release|Any CPU.ActiveCfg = Release|Any CPU
		{0FFB9EDD-4FC8-49CA-970F-2DD125556670}.Release|Any CPU.Build.0 = Release|Any CPU
	EndGlobalSection
	GlobalSection(SolutionProperties) = preSolution
		HideSolutionNode = FALSE
	EndGlobalSection
	GlobalSection(ExtensibilityGlobals) = postSolution
		SolutionGuid = {8B4A3E5D-31BA-443C-8FB8-471E4259B071}
	EndGlobalSection
EndGlobal
