
Microsoft Visual Studio Solution File, Format Version 12.00
# Visual Studio Version 17
VisualStudioVersion = 17.0.31912.275
MinimumVisualStudioVersion = 10.0.40219.1
Project("{9A19103F-16F7-4668-BE54-9A1E7A4F7556}") = "XelaBuild", "XelaBuild\XelaBuild.csproj", "{8846EB5A-BF1B-4628-8C28-8E6DBE2FCC4A}"
EndProject
Project("{2150E333-8FDC-42A3-9474-1A3956D46DE8}") = "Solution Items", "Solution Items", "{35D367C1-4800-4E09-BA4E-0FDC5A4786AC}"
	ProjectSection(SolutionItems) = preProject
		..\license.txt = ..\license.txt
		..\ext\msbuild\eng\Packages.props = ..\ext\msbuild\eng\Packages.props
		readme.md = readme.md
	EndProjectSection
EndProject
Project("{9A19103F-16F7-4668-BE54-9A1E7A4F7556}") = "XelaBuild.Core", "XelaBuild.Core\XelaBuild.Core.csproj", "{C3A53FE6-FCCE-421D-B055-516BEEDD38CB}"
	ProjectSection(ProjectDependencies) = postProject
		{8DE2407E-9587-4F62-83E1-F75F003BDD23} = {8DE2407E-9587-4F62-83E1-F75F003BDD23}
	EndProjectSection
EndProject
Project("{9A19103F-16F7-4668-BE54-9A1E7A4F7556}") = "XelaBuild.Tasks", "XelaBuild.Tasks\XelaBuild.Tasks.csproj", "{89E2D51D-2D92-41B0-87CA-68FBC95DFCA7}"
EndProject
Project("{9A19103F-16F7-4668-BE54-9A1E7A4F7556}") = "StringTools", "..\ext\msbuild\src\StringTools\StringTools.csproj", "{12CDDEAB-EBF6-4A06-9CCF-636AC7528621}"
EndProject
Project("{9A19103F-16F7-4668-BE54-9A1E7A4F7556}") = "Microsoft.Build.Framework", "..\ext\msbuild\src\Framework\Microsoft.Build.Framework.csproj", "{81132C54-D328-4F39-93C6-2B705B0AFD9F}"
EndProject
Project("{9A19103F-16F7-4668-BE54-9A1E7A4F7556}") = "Microsoft.Build.Tasks", "..\ext\msbuild\src\Tasks\Microsoft.Build.Tasks.csproj", "{FAB8CB86-C682-4150-9D55-B022932EB19A}"
EndProject
Project("{9A19103F-16F7-4668-BE54-9A1E7A4F7556}") = "Microsoft.Build.Utilities", "..\ext\msbuild\src\Utilities\Microsoft.Build.Utilities.csproj", "{D849A2CE-4AB3-4392-AE4A-6819400395AB}"
EndProject
Project("{9A19103F-16F7-4668-BE54-9A1E7A4F7556}") = "Microsoft.Build", "..\ext\msbuild\src\Build\Microsoft.Build.csproj", "{0E42A7B2-D622-4962-A7DA-D70D62391FBA}"
EndProject
Project("{9A19103F-16F7-4668-BE54-9A1E7A4F7556}") = "MSBuild", "..\ext\msbuild\src\MSBuild\MSBuild.csproj", "{AA09DBB4-63B9-4E71-B0D3-790D9780879A}"
EndProject
Project("{9A19103F-16F7-4668-BE54-9A1E7A4F7556}") = "XelaBuild.ProjectGen", "XelaBuild.ProjectGen\XelaBuild.ProjectGen.csproj", "{4877A291-655F-4947-BC0B-86BA17DCF89A}"
EndProject
Project("{9A19103F-16F7-4668-BE54-9A1E7A4F7556}") = "XelaBuild.NuGetRestore", "XelaBuild.NuGetRestore\XelaBuild.NuGetRestore.csproj", "{8DE2407E-9587-4F62-83E1-F75F003BDD23}"
EndProject
Global
	GlobalSection(SolutionConfigurationPlatforms) = preSolution
		Debug|Any CPU = Debug|Any CPU
		Debug|x64 = Debug|x64
		Debug-MONO|Any CPU = Debug-MONO|Any CPU
		Debug-MONO|x64 = Debug-MONO|x64
		MachineIndependent|Any CPU = MachineIndependent|Any CPU
		MachineIndependent|x64 = MachineIndependent|x64
		Release|Any CPU = Release|Any CPU
		Release|x64 = Release|x64
		Release-MONO|Any CPU = Release-MONO|Any CPU
		Release-MONO|x64 = Release-MONO|x64
	EndGlobalSection
	GlobalSection(ProjectConfigurationPlatforms) = postSolution
		{8846EB5A-BF1B-4628-8C28-8E6DBE2FCC4A}.Debug|Any CPU.ActiveCfg = Debug|Any CPU
		{8846EB5A-BF1B-4628-8C28-8E6DBE2FCC4A}.Debug|Any CPU.Build.0 = Debug|Any CPU
		{8846EB5A-BF1B-4628-8C28-8E6DBE2FCC4A}.Debug|x64.ActiveCfg = Debug|Any CPU
		{8846EB5A-BF1B-4628-8C28-8E6DBE2FCC4A}.Debug|x64.Build.0 = Debug|Any CPU
		{8846EB5A-BF1B-4628-8C28-8E6DBE2FCC4A}.Debug-MONO|Any CPU.ActiveCfg = Debug|Any CPU
		{8846EB5A-BF1B-4628-8C28-8E6DBE2FCC4A}.Debug-MONO|Any CPU.Build.0 = Debug|Any CPU
		{8846EB5A-BF1B-4628-8C28-8E6DBE2FCC4A}.Debug-MONO|x64.ActiveCfg = Debug|Any CPU
		{8846EB5A-BF1B-4628-8C28-8E6DBE2FCC4A}.Debug-MONO|x64.Build.0 = Debug|Any CPU
		{8846EB5A-BF1B-4628-8C28-8E6DBE2FCC4A}.MachineIndependent|Any CPU.ActiveCfg = Release|Any CPU
		{8846EB5A-BF1B-4628-8C28-8E6DBE2FCC4A}.MachineIndependent|Any CPU.Build.0 = Release|Any CPU
		{8846EB5A-BF1B-4628-8C28-8E6DBE2FCC4A}.MachineIndependent|x64.ActiveCfg = Release|Any CPU
		{8846EB5A-BF1B-4628-8C28-8E6DBE2FCC4A}.MachineIndependent|x64.Build.0 = Release|Any CPU
		{8846EB5A-BF1B-4628-8C28-8E6DBE2FCC4A}.Release|Any CPU.ActiveCfg = Release|Any CPU
		{8846EB5A-BF1B-4628-8C28-8E6DBE2FCC4A}.Release|Any CPU.Build.0 = Release|Any CPU
		{8846EB5A-BF1B-4628-8C28-8E6DBE2FCC4A}.Release|x64.ActiveCfg = Release|Any CPU
		{8846EB5A-BF1B-4628-8C28-8E6DBE2FCC4A}.Release|x64.Build.0 = Release|Any CPU
		{8846EB5A-BF1B-4628-8C28-8E6DBE2FCC4A}.Release-MONO|Any CPU.ActiveCfg = Release|Any CPU
		{8846EB5A-BF1B-4628-8C28-8E6DBE2FCC4A}.Release-MONO|Any CPU.Build.0 = Release|Any CPU
		{8846EB5A-BF1B-4628-8C28-8E6DBE2FCC4A}.Release-MONO|x64.ActiveCfg = Release|Any CPU
		{8846EB5A-BF1B-4628-8C28-8E6DBE2FCC4A}.Release-MONO|x64.Build.0 = Release|Any CPU
		{C3A53FE6-FCCE-421D-B055-516BEEDD38CB}.Debug|Any CPU.ActiveCfg = Debug|Any CPU
		{C3A53FE6-FCCE-421D-B055-516BEEDD38CB}.Debug|Any CPU.Build.0 = Debug|Any CPU
		{C3A53FE6-FCCE-421D-B055-516BEEDD38CB}.Debug|x64.ActiveCfg = Debug|Any CPU
		{C3A53FE6-FCCE-421D-B055-516BEEDD38CB}.Debug|x64.Build.0 = Debug|Any CPU
		{C3A53FE6-FCCE-421D-B055-516BEEDD38CB}.Debug-MONO|Any CPU.ActiveCfg = Debug|Any CPU
		{C3A53FE6-FCCE-421D-B055-516BEEDD38CB}.Debug-MONO|Any CPU.Build.0 = Debug|Any CPU
		{C3A53FE6-FCCE-421D-B055-516BEEDD38CB}.Debug-MONO|x64.ActiveCfg = Debug|Any CPU
		{C3A53FE6-FCCE-421D-B055-516BEEDD38CB}.Debug-MONO|x64.Build.0 = Debug|Any CPU
		{C3A53FE6-FCCE-421D-B055-516BEEDD38CB}.MachineIndependent|Any CPU.ActiveCfg = Release|Any CPU
		{C3A53FE6-FCCE-421D-B055-516BEEDD38CB}.MachineIndependent|Any CPU.Build.0 = Release|Any CPU
		{C3A53FE6-FCCE-421D-B055-516BEEDD38CB}.MachineIndependent|x64.ActiveCfg = Release|Any CPU
		{C3A53FE6-FCCE-421D-B055-516BEEDD38CB}.MachineIndependent|x64.Build.0 = Release|Any CPU
		{C3A53FE6-FCCE-421D-B055-516BEEDD38CB}.Release|Any CPU.ActiveCfg = Release|Any CPU
		{C3A53FE6-FCCE-421D-B055-516BEEDD38CB}.Release|Any CPU.Build.0 = Release|Any CPU
		{C3A53FE6-FCCE-421D-B055-516BEEDD38CB}.Release|x64.ActiveCfg = Release|Any CPU
		{C3A53FE6-FCCE-421D-B055-516BEEDD38CB}.Release|x64.Build.0 = Release|Any CPU
		{C3A53FE6-FCCE-421D-B055-516BEEDD38CB}.Release-MONO|Any CPU.ActiveCfg = Release|Any CPU
		{C3A53FE6-FCCE-421D-B055-516BEEDD38CB}.Release-MONO|Any CPU.Build.0 = Release|Any CPU
		{C3A53FE6-FCCE-421D-B055-516BEEDD38CB}.Release-MONO|x64.ActiveCfg = Release|Any CPU
		{C3A53FE6-FCCE-421D-B055-516BEEDD38CB}.Release-MONO|x64.Build.0 = Release|Any CPU
		{89E2D51D-2D92-41B0-87CA-68FBC95DFCA7}.Debug|Any CPU.ActiveCfg = Debug|Any CPU
		{89E2D51D-2D92-41B0-87CA-68FBC95DFCA7}.Debug|Any CPU.Build.0 = Debug|Any CPU
		{89E2D51D-2D92-41B0-87CA-68FBC95DFCA7}.Debug|x64.ActiveCfg = Debug|Any CPU
		{89E2D51D-2D92-41B0-87CA-68FBC95DFCA7}.Debug|x64.Build.0 = Debug|Any CPU
		{89E2D51D-2D92-41B0-87CA-68FBC95DFCA7}.Debug-MONO|Any CPU.ActiveCfg = Debug|Any CPU
		{89E2D51D-2D92-41B0-87CA-68FBC95DFCA7}.Debug-MONO|Any CPU.Build.0 = Debug|Any CPU
		{89E2D51D-2D92-41B0-87CA-68FBC95DFCA7}.Debug-MONO|x64.ActiveCfg = Debug|Any CPU
		{89E2D51D-2D92-41B0-87CA-68FBC95DFCA7}.Debug-MONO|x64.Build.0 = Debug|Any CPU
		{89E2D51D-2D92-41B0-87CA-68FBC95DFCA7}.MachineIndependent|Any CPU.ActiveCfg = Release|Any CPU
		{89E2D51D-2D92-41B0-87CA-68FBC95DFCA7}.MachineIndependent|Any CPU.Build.0 = Release|Any CPU
		{89E2D51D-2D92-41B0-87CA-68FBC95DFCA7}.MachineIndependent|x64.ActiveCfg = Release|Any CPU
		{89E2D51D-2D92-41B0-87CA-68FBC95DFCA7}.MachineIndependent|x64.Build.0 = Release|Any CPU
		{89E2D51D-2D92-41B0-87CA-68FBC95DFCA7}.Release|Any CPU.ActiveCfg = Release|Any CPU
		{89E2D51D-2D92-41B0-87CA-68FBC95DFCA7}.Release|Any CPU.Build.0 = Release|Any CPU
		{89E2D51D-2D92-41B0-87CA-68FBC95DFCA7}.Release|x64.ActiveCfg = Release|Any CPU
		{89E2D51D-2D92-41B0-87CA-68FBC95DFCA7}.Release|x64.Build.0 = Release|Any CPU
		{89E2D51D-2D92-41B0-87CA-68FBC95DFCA7}.Release-MONO|Any CPU.ActiveCfg = Release|Any CPU
		{89E2D51D-2D92-41B0-87CA-68FBC95DFCA7}.Release-MONO|Any CPU.Build.0 = Release|Any CPU
		{89E2D51D-2D92-41B0-87CA-68FBC95DFCA7}.Release-MONO|x64.ActiveCfg = Release|Any CPU
		{89E2D51D-2D92-41B0-87CA-68FBC95DFCA7}.Release-MONO|x64.Build.0 = Release|Any CPU
		{12CDDEAB-EBF6-4A06-9CCF-636AC7528621}.Debug|Any CPU.ActiveCfg = Debug|Any CPU
		{12CDDEAB-EBF6-4A06-9CCF-636AC7528621}.Debug|Any CPU.Build.0 = Debug|Any CPU
		{12CDDEAB-EBF6-4A06-9CCF-636AC7528621}.Debug|x64.ActiveCfg = Debug|x64
		{12CDDEAB-EBF6-4A06-9CCF-636AC7528621}.Debug|x64.Build.0 = Debug|x64
		{12CDDEAB-EBF6-4A06-9CCF-636AC7528621}.Debug-MONO|Any CPU.ActiveCfg = Debug-MONO|Any CPU
		{12CDDEAB-EBF6-4A06-9CCF-636AC7528621}.Debug-MONO|Any CPU.Build.0 = Debug-MONO|Any CPU
		{12CDDEAB-EBF6-4A06-9CCF-636AC7528621}.Debug-MONO|x64.ActiveCfg = Debug-MONO|x64
		{12CDDEAB-EBF6-4A06-9CCF-636AC7528621}.Debug-MONO|x64.Build.0 = Debug-MONO|x64
		{12CDDEAB-EBF6-4A06-9CCF-636AC7528621}.MachineIndependent|Any CPU.ActiveCfg = MachineIndependent|Any CPU
		{12CDDEAB-EBF6-4A06-9CCF-636AC7528621}.MachineIndependent|Any CPU.Build.0 = MachineIndependent|Any CPU
		{12CDDEAB-EBF6-4A06-9CCF-636AC7528621}.MachineIndependent|x64.ActiveCfg = MachineIndependent|x64
		{12CDDEAB-EBF6-4A06-9CCF-636AC7528621}.MachineIndependent|x64.Build.0 = MachineIndependent|x64
		{12CDDEAB-EBF6-4A06-9CCF-636AC7528621}.Release|Any CPU.ActiveCfg = Release|Any CPU
		{12CDDEAB-EBF6-4A06-9CCF-636AC7528621}.Release|Any CPU.Build.0 = Release|Any CPU
		{12CDDEAB-EBF6-4A06-9CCF-636AC7528621}.Release|x64.ActiveCfg = Release|x64
		{12CDDEAB-EBF6-4A06-9CCF-636AC7528621}.Release|x64.Build.0 = Release|x64
		{12CDDEAB-EBF6-4A06-9CCF-636AC7528621}.Release-MONO|Any CPU.ActiveCfg = Release-MONO|Any CPU
		{12CDDEAB-EBF6-4A06-9CCF-636AC7528621}.Release-MONO|Any CPU.Build.0 = Release-MONO|Any CPU
		{12CDDEAB-EBF6-4A06-9CCF-636AC7528621}.Release-MONO|x64.ActiveCfg = Release-MONO|x64
		{12CDDEAB-EBF6-4A06-9CCF-636AC7528621}.Release-MONO|x64.Build.0 = Release-MONO|x64
		{81132C54-D328-4F39-93C6-2B705B0AFD9F}.Debug|Any CPU.ActiveCfg = Debug|Any CPU
		{81132C54-D328-4F39-93C6-2B705B0AFD9F}.Debug|Any CPU.Build.0 = Debug|Any CPU
		{81132C54-D328-4F39-93C6-2B705B0AFD9F}.Debug|x64.ActiveCfg = Debug|x64
		{81132C54-D328-4F39-93C6-2B705B0AFD9F}.Debug|x64.Build.0 = Debug|x64
		{81132C54-D328-4F39-93C6-2B705B0AFD9F}.Debug-MONO|Any CPU.ActiveCfg = Debug-MONO|Any CPU
		{81132C54-D328-4F39-93C6-2B705B0AFD9F}.Debug-MONO|Any CPU.Build.0 = Debug-MONO|Any CPU
		{81132C54-D328-4F39-93C6-2B705B0AFD9F}.Debug-MONO|x64.ActiveCfg = Debug-MONO|x64
		{81132C54-D328-4F39-93C6-2B705B0AFD9F}.Debug-MONO|x64.Build.0 = Debug-MONO|x64
		{81132C54-D328-4F39-93C6-2B705B0AFD9F}.MachineIndependent|Any CPU.ActiveCfg = MachineIndependent|Any CPU
		{81132C54-D328-4F39-93C6-2B705B0AFD9F}.MachineIndependent|Any CPU.Build.0 = MachineIndependent|Any CPU
		{81132C54-D328-4F39-93C6-2B705B0AFD9F}.MachineIndependent|x64.ActiveCfg = MachineIndependent|x64
		{81132C54-D328-4F39-93C6-2B705B0AFD9F}.MachineIndependent|x64.Build.0 = MachineIndependent|x64
		{81132C54-D328-4F39-93C6-2B705B0AFD9F}.Release|Any CPU.ActiveCfg = Release|Any CPU
		{81132C54-D328-4F39-93C6-2B705B0AFD9F}.Release|Any CPU.Build.0 = Release|Any CPU
		{81132C54-D328-4F39-93C6-2B705B0AFD9F}.Release|x64.ActiveCfg = Release|x64
		{81132C54-D328-4F39-93C6-2B705B0AFD9F}.Release|x64.Build.0 = Release|x64
		{81132C54-D328-4F39-93C6-2B705B0AFD9F}.Release-MONO|Any CPU.ActiveCfg = Release-MONO|Any CPU
		{81132C54-D328-4F39-93C6-2B705B0AFD9F}.Release-MONO|Any CPU.Build.0 = Release-MONO|Any CPU
		{81132C54-D328-4F39-93C6-2B705B0AFD9F}.Release-MONO|x64.ActiveCfg = Release-MONO|x64
		{81132C54-D328-4F39-93C6-2B705B0AFD9F}.Release-MONO|x64.Build.0 = Release-MONO|x64
		{FAB8CB86-C682-4150-9D55-B022932EB19A}.Debug|Any CPU.ActiveCfg = Debug|Any CPU
		{FAB8CB86-C682-4150-9D55-B022932EB19A}.Debug|Any CPU.Build.0 = Debug|Any CPU
		{FAB8CB86-C682-4150-9D55-B022932EB19A}.Debug|x64.ActiveCfg = Debug|x64
		{FAB8CB86-C682-4150-9D55-B022932EB19A}.Debug|x64.Build.0 = Debug|x64
		{FAB8CB86-C682-4150-9D55-B022932EB19A}.Debug-MONO|Any CPU.ActiveCfg = Debug-MONO|Any CPU
		{FAB8CB86-C682-4150-9D55-B022932EB19A}.Debug-MONO|Any CPU.Build.0 = Debug-MONO|Any CPU
		{FAB8CB86-C682-4150-9D55-B022932EB19A}.Debug-MONO|x64.ActiveCfg = Debug-MONO|x64
		{FAB8CB86-C682-4150-9D55-B022932EB19A}.Debug-MONO|x64.Build.0 = Debug-MONO|x64
		{FAB8CB86-C682-4150-9D55-B022932EB19A}.MachineIndependent|Any CPU.ActiveCfg = MachineIndependent|Any CPU
		{FAB8CB86-C682-4150-9D55-B022932EB19A}.MachineIndependent|Any CPU.Build.0 = MachineIndependent|Any CPU
		{FAB8CB86-C682-4150-9D55-B022932EB19A}.MachineIndependent|x64.ActiveCfg = MachineIndependent|x64
		{FAB8CB86-C682-4150-9D55-B022932EB19A}.MachineIndependent|x64.Build.0 = MachineIndependent|x64
		{FAB8CB86-C682-4150-9D55-B022932EB19A}.Release|Any CPU.ActiveCfg = Release|Any CPU
		{FAB8CB86-C682-4150-9D55-B022932EB19A}.Release|Any CPU.Build.0 = Release|Any CPU
		{FAB8CB86-C682-4150-9D55-B022932EB19A}.Release|x64.ActiveCfg = Release|x64
		{FAB8CB86-C682-4150-9D55-B022932EB19A}.Release|x64.Build.0 = Release|x64
		{FAB8CB86-C682-4150-9D55-B022932EB19A}.Release-MONO|Any CPU.ActiveCfg = Release-MONO|Any CPU
		{FAB8CB86-C682-4150-9D55-B022932EB19A}.Release-MONO|Any CPU.Build.0 = Release-MONO|Any CPU
		{FAB8CB86-C682-4150-9D55-B022932EB19A}.Release-MONO|x64.ActiveCfg = Release-MONO|x64
		{FAB8CB86-C682-4150-9D55-B022932EB19A}.Release-MONO|x64.Build.0 = Release-MONO|x64
		{D849A2CE-4AB3-4392-AE4A-6819400395AB}.Debug|Any CPU.ActiveCfg = Debug|Any CPU
		{D849A2CE-4AB3-4392-AE4A-6819400395AB}.Debug|Any CPU.Build.0 = Debug|Any CPU
		{D849A2CE-4AB3-4392-AE4A-6819400395AB}.Debug|x64.ActiveCfg = Debug|x64
		{D849A2CE-4AB3-4392-AE4A-6819400395AB}.Debug|x64.Build.0 = Debug|x64
		{D849A2CE-4AB3-4392-AE4A-6819400395AB}.Debug-MONO|Any CPU.ActiveCfg = Debug-MONO|Any CPU
		{D849A2CE-4AB3-4392-AE4A-6819400395AB}.Debug-MONO|Any CPU.Build.0 = Debug-MONO|Any CPU
		{D849A2CE-4AB3-4392-AE4A-6819400395AB}.Debug-MONO|x64.ActiveCfg = Debug-MONO|x64
		{D849A2CE-4AB3-4392-AE4A-6819400395AB}.Debug-MONO|x64.Build.0 = Debug-MONO|x64
		{D849A2CE-4AB3-4392-AE4A-6819400395AB}.MachineIndependent|Any CPU.ActiveCfg = MachineIndependent|Any CPU
		{D849A2CE-4AB3-4392-AE4A-6819400395AB}.MachineIndependent|Any CPU.Build.0 = MachineIndependent|Any CPU
		{D849A2CE-4AB3-4392-AE4A-6819400395AB}.MachineIndependent|x64.ActiveCfg = MachineIndependent|x64
		{D849A2CE-4AB3-4392-AE4A-6819400395AB}.MachineIndependent|x64.Build.0 = MachineIndependent|x64
		{D849A2CE-4AB3-4392-AE4A-6819400395AB}.Release|Any CPU.ActiveCfg = Release|Any CPU
		{D849A2CE-4AB3-4392-AE4A-6819400395AB}.Release|Any CPU.Build.0 = Release|Any CPU
		{D849A2CE-4AB3-4392-AE4A-6819400395AB}.Release|x64.ActiveCfg = Release|x64
		{D849A2CE-4AB3-4392-AE4A-6819400395AB}.Release|x64.Build.0 = Release|x64
		{D849A2CE-4AB3-4392-AE4A-6819400395AB}.Release-MONO|Any CPU.ActiveCfg = Release-MONO|Any CPU
		{D849A2CE-4AB3-4392-AE4A-6819400395AB}.Release-MONO|Any CPU.Build.0 = Release-MONO|Any CPU
		{D849A2CE-4AB3-4392-AE4A-6819400395AB}.Release-MONO|x64.ActiveCfg = Release-MONO|x64
		{D849A2CE-4AB3-4392-AE4A-6819400395AB}.Release-MONO|x64.Build.0 = Release-MONO|x64
		{0E42A7B2-D622-4962-A7DA-D70D62391FBA}.Debug|Any CPU.ActiveCfg = Debug|Any CPU
		{0E42A7B2-D622-4962-A7DA-D70D62391FBA}.Debug|Any CPU.Build.0 = Debug|Any CPU
		{0E42A7B2-D622-4962-A7DA-D70D62391FBA}.Debug|x64.ActiveCfg = Debug|x64
		{0E42A7B2-D622-4962-A7DA-D70D62391FBA}.Debug|x64.Build.0 = Debug|x64
		{0E42A7B2-D622-4962-A7DA-D70D62391FBA}.Debug-MONO|Any CPU.ActiveCfg = Debug-MONO|Any CPU
		{0E42A7B2-D622-4962-A7DA-D70D62391FBA}.Debug-MONO|Any CPU.Build.0 = Debug-MONO|Any CPU
		{0E42A7B2-D622-4962-A7DA-D70D62391FBA}.Debug-MONO|x64.ActiveCfg = Debug-MONO|x64
		{0E42A7B2-D622-4962-A7DA-D70D62391FBA}.Debug-MONO|x64.Build.0 = Debug-MONO|x64
		{0E42A7B2-D622-4962-A7DA-D70D62391FBA}.MachineIndependent|Any CPU.ActiveCfg = MachineIndependent|Any CPU
		{0E42A7B2-D622-4962-A7DA-D70D62391FBA}.MachineIndependent|Any CPU.Build.0 = MachineIndependent|Any CPU
		{0E42A7B2-D622-4962-A7DA-D70D62391FBA}.MachineIndependent|x64.ActiveCfg = MachineIndependent|x64
		{0E42A7B2-D622-4962-A7DA-D70D62391FBA}.MachineIndependent|x64.Build.0 = MachineIndependent|x64
		{0E42A7B2-D622-4962-A7DA-D70D62391FBA}.Release|Any CPU.ActiveCfg = Release|Any CPU
		{0E42A7B2-D622-4962-A7DA-D70D62391FBA}.Release|Any CPU.Build.0 = Release|Any CPU
		{0E42A7B2-D622-4962-A7DA-D70D62391FBA}.Release|x64.ActiveCfg = Release|x64
		{0E42A7B2-D622-4962-A7DA-D70D62391FBA}.Release|x64.Build.0 = Release|x64
		{0E42A7B2-D622-4962-A7DA-D70D62391FBA}.Release-MONO|Any CPU.ActiveCfg = Release-MONO|Any CPU
		{0E42A7B2-D622-4962-A7DA-D70D62391FBA}.Release-MONO|Any CPU.Build.0 = Release-MONO|Any CPU
		{0E42A7B2-D622-4962-A7DA-D70D62391FBA}.Release-MONO|x64.ActiveCfg = Release-MONO|x64
		{0E42A7B2-D622-4962-A7DA-D70D62391FBA}.Release-MONO|x64.Build.0 = Release-MONO|x64
		{AA09DBB4-63B9-4E71-B0D3-790D9780879A}.Debug|Any CPU.ActiveCfg = Debug|Any CPU
		{AA09DBB4-63B9-4E71-B0D3-790D9780879A}.Debug|Any CPU.Build.0 = Debug|Any CPU
		{AA09DBB4-63B9-4E71-B0D3-790D9780879A}.Debug|x64.ActiveCfg = Debug|x64
		{AA09DBB4-63B9-4E71-B0D3-790D9780879A}.Debug|x64.Build.0 = Debug|x64
		{AA09DBB4-63B9-4E71-B0D3-790D9780879A}.Debug-MONO|Any CPU.ActiveCfg = Debug-MONO|Any CPU
		{AA09DBB4-63B9-4E71-B0D3-790D9780879A}.Debug-MONO|Any CPU.Build.0 = Debug-MONO|Any CPU
		{AA09DBB4-63B9-4E71-B0D3-790D9780879A}.Debug-MONO|x64.ActiveCfg = Debug-MONO|x64
		{AA09DBB4-63B9-4E71-B0D3-790D9780879A}.Debug-MONO|x64.Build.0 = Debug-MONO|x64
		{AA09DBB4-63B9-4E71-B0D3-790D9780879A}.MachineIndependent|Any CPU.ActiveCfg = MachineIndependent|Any CPU
		{AA09DBB4-63B9-4E71-B0D3-790D9780879A}.MachineIndependent|Any CPU.Build.0 = MachineIndependent|Any CPU
		{AA09DBB4-63B9-4E71-B0D3-790D9780879A}.MachineIndependent|x64.ActiveCfg = MachineIndependent|x64
		{AA09DBB4-63B9-4E71-B0D3-790D9780879A}.MachineIndependent|x64.Build.0 = MachineIndependent|x64
		{AA09DBB4-63B9-4E71-B0D3-790D9780879A}.Release|Any CPU.ActiveCfg = Release|Any CPU
		{AA09DBB4-63B9-4E71-B0D3-790D9780879A}.Release|Any CPU.Build.0 = Release|Any CPU
		{AA09DBB4-63B9-4E71-B0D3-790D9780879A}.Release|x64.ActiveCfg = Release|x64
		{AA09DBB4-63B9-4E71-B0D3-790D9780879A}.Release|x64.Build.0 = Release|x64
		{AA09DBB4-63B9-4E71-B0D3-790D9780879A}.Release-MONO|Any CPU.ActiveCfg = Release-MONO|Any CPU
		{AA09DBB4-63B9-4E71-B0D3-790D9780879A}.Release-MONO|Any CPU.Build.0 = Release-MONO|Any CPU
		{AA09DBB4-63B9-4E71-B0D3-790D9780879A}.Release-MONO|x64.ActiveCfg = Release-MONO|x64
		{AA09DBB4-63B9-4E71-B0D3-790D9780879A}.Release-MONO|x64.Build.0 = Release-MONO|x64
		{4877A291-655F-4947-BC0B-86BA17DCF89A}.Debug|Any CPU.ActiveCfg = Debug|Any CPU
		{4877A291-655F-4947-BC0B-86BA17DCF89A}.Debug|Any CPU.Build.0 = Debug|Any CPU
		{4877A291-655F-4947-BC0B-86BA17DCF89A}.Debug|x64.ActiveCfg = Debug|Any CPU
		{4877A291-655F-4947-BC0B-86BA17DCF89A}.Debug|x64.Build.0 = Debug|Any CPU
		{4877A291-655F-4947-BC0B-86BA17DCF89A}.Debug-MONO|Any CPU.ActiveCfg = Debug|Any CPU
		{4877A291-655F-4947-BC0B-86BA17DCF89A}.Debug-MONO|Any CPU.Build.0 = Debug|Any CPU
		{4877A291-655F-4947-BC0B-86BA17DCF89A}.Debug-MONO|x64.ActiveCfg = Debug|Any CPU
		{4877A291-655F-4947-BC0B-86BA17DCF89A}.Debug-MONO|x64.Build.0 = Debug|Any CPU
		{4877A291-655F-4947-BC0B-86BA17DCF89A}.MachineIndependent|Any CPU.ActiveCfg = Debug|Any CPU
		{4877A291-655F-4947-BC0B-86BA17DCF89A}.MachineIndependent|Any CPU.Build.0 = Debug|Any CPU
		{4877A291-655F-4947-BC0B-86BA17DCF89A}.MachineIndependent|x64.ActiveCfg = Debug|Any CPU
		{4877A291-655F-4947-BC0B-86BA17DCF89A}.MachineIndependent|x64.Build.0 = Debug|Any CPU
		{4877A291-655F-4947-BC0B-86BA17DCF89A}.Release|Any CPU.ActiveCfg = Release|Any CPU
		{4877A291-655F-4947-BC0B-86BA17DCF89A}.Release|Any CPU.Build.0 = Release|Any CPU
		{4877A291-655F-4947-BC0B-86BA17DCF89A}.Release|x64.ActiveCfg = Release|Any CPU
		{4877A291-655F-4947-BC0B-86BA17DCF89A}.Release|x64.Build.0 = Release|Any CPU
		{4877A291-655F-4947-BC0B-86BA17DCF89A}.Release-MONO|Any CPU.ActiveCfg = Release|Any CPU
		{4877A291-655F-4947-BC0B-86BA17DCF89A}.Release-MONO|Any CPU.Build.0 = Release|Any CPU
		{4877A291-655F-4947-BC0B-86BA17DCF89A}.Release-MONO|x64.ActiveCfg = Release|Any CPU
		{4877A291-655F-4947-BC0B-86BA17DCF89A}.Release-MONO|x64.Build.0 = Release|Any CPU
		{8DE2407E-9587-4F62-83E1-F75F003BDD23}.Debug|Any CPU.ActiveCfg = Debug|Any CPU
		{8DE2407E-9587-4F62-83E1-F75F003BDD23}.Debug|Any CPU.Build.0 = Debug|Any CPU
		{8DE2407E-9587-4F62-83E1-F75F003BDD23}.Debug|x64.ActiveCfg = Debug|Any CPU
		{8DE2407E-9587-4F62-83E1-F75F003BDD23}.Debug|x64.Build.0 = Debug|Any CPU
		{8DE2407E-9587-4F62-83E1-F75F003BDD23}.Debug-MONO|Any CPU.ActiveCfg = Debug|Any CPU
		{8DE2407E-9587-4F62-83E1-F75F003BDD23}.Debug-MONO|Any CPU.Build.0 = Debug|Any CPU
		{8DE2407E-9587-4F62-83E1-F75F003BDD23}.Debug-MONO|x64.ActiveCfg = Debug|Any CPU
		{8DE2407E-9587-4F62-83E1-F75F003BDD23}.Debug-MONO|x64.Build.0 = Debug|Any CPU
		{8DE2407E-9587-4F62-83E1-F75F003BDD23}.MachineIndependent|Any CPU.ActiveCfg = Debug|Any CPU
		{8DE2407E-9587-4F62-83E1-F75F003BDD23}.MachineIndependent|Any CPU.Build.0 = Debug|Any CPU
		{8DE2407E-9587-4F62-83E1-F75F003BDD23}.MachineIndependent|x64.ActiveCfg = Debug|Any CPU
		{8DE2407E-9587-4F62-83E1-F75F003BDD23}.MachineIndependent|x64.Build.0 = Debug|Any CPU
		{8DE2407E-9587-4F62-83E1-F75F003BDD23}.Release|Any CPU.ActiveCfg = Release|Any CPU
		{8DE2407E-9587-4F62-83E1-F75F003BDD23}.Release|Any CPU.Build.0 = Release|Any CPU
		{8DE2407E-9587-4F62-83E1-F75F003BDD23}.Release|x64.ActiveCfg = Release|Any CPU
		{8DE2407E-9587-4F62-83E1-F75F003BDD23}.Release|x64.Build.0 = Release|Any CPU
		{8DE2407E-9587-4F62-83E1-F75F003BDD23}.Release-MONO|Any CPU.ActiveCfg = Release|Any CPU
		{8DE2407E-9587-4F62-83E1-F75F003BDD23}.Release-MONO|Any CPU.Build.0 = Release|Any CPU
		{8DE2407E-9587-4F62-83E1-F75F003BDD23}.Release-MONO|x64.ActiveCfg = Release|Any CPU
		{8DE2407E-9587-4F62-83E1-F75F003BDD23}.Release-MONO|x64.Build.0 = Release|Any CPU
	EndGlobalSection
	GlobalSection(SolutionProperties) = preSolution
		HideSolutionNode = FALSE
	EndGlobalSection
	GlobalSection(ExtensibilityGlobals) = postSolution
		SolutionGuid = {AC8A88EB-DBBA-41B8-BABF-2CA38DD946DB}
	EndGlobalSection
EndGlobal
